// !$*UTF8*$!
{
	archiveVersion = 1;
	classes = {
	};
	objectVersion = 46;
	objects = {

/* Begin PBXBuildFile section */
		0E055832EE943885CA07C825 /* Pods_CatchTest.framework in Frameworks */ = {isa = PBXBuildFile; fileRef = ECA8B45B20012E6D558236CB /* Pods_CatchTest.framework */; };
		127CCFB31F3117B3003F979F /* AppDelegate.swift in Sources */ = {isa = PBXBuildFile; fileRef = 127CCFB21F3117B3003F979F /* AppDelegate.swift */; };
		127CCFB81F3117B3003F979F /* Main.storyboard in Resources */ = {isa = PBXBuildFile; fileRef = 127CCFB61F3117B3003F979F /* Main.storyboard */; };
		127CCFBA1F3117B3003F979F /* Assets.xcassets in Resources */ = {isa = PBXBuildFile; fileRef = 127CCFB91F3117B3003F979F /* Assets.xcassets */; };
		127CCFBD1F3117B3003F979F /* LaunchScreen.storyboard in Resources */ = {isa = PBXBuildFile; fileRef = 127CCFBB1F3117B3003F979F /* LaunchScreen.storyboard */; };
		127CCFD51F31184E003F979F /* ItemsViewController.swift in Sources */ = {isa = PBXBuildFile; fileRef = 127CCFD41F31184E003F979F /* ItemsViewController.swift */; };
		127CCFD71F3118E3003F979F /* Item.swift in Sources */ = {isa = PBXBuildFile; fileRef = 127CCFD61F3118E3003F979F /* Item.swift */; };
		127CCFDA1F31195D003F979F /* NetworkAssistant.swift in Sources */ = {isa = PBXBuildFile; fileRef = 127CCFD91F31195D003F979F /* NetworkAssistant.swift */; };
		127CCFDC1F3122D3003F979F /* ItemUnitTests.swift in Sources */ = {isa = PBXBuildFile; fileRef = 127CCFDB1F3122D3003F979F /* ItemUnitTests.swift */; };
		127CCFDE1F312320003F979F /* FileToJSON.swift in Sources */ = {isa = PBXBuildFile; fileRef = 127CCFDD1F312320003F979F /* FileToJSON.swift */; };
		127CCFE81F312A3F003F979F /* badJSON.json in Resources */ = {isa = PBXBuildFile; fileRef = 127CCFE51F312A3F003F979F /* badJSON.json */; };
		127CCFE91F312A3F003F979F /* goodJSON.json in Resources */ = {isa = PBXBuildFile; fileRef = 127CCFE61F312A3F003F979F /* goodJSON.json */; };
		127CCFEA1F312A3F003F979F /* evenWorseJSON.json in Resources */ = {isa = PBXBuildFile; fileRef = 127CCFE71F312A3F003F979F /* evenWorseJSON.json */; };
		127CCFEE1F3136CD003F979F /* ItemsViewControllerManager.swift in Sources */ = {isa = PBXBuildFile; fileRef = 127CCFED1F3136CD003F979F /* ItemsViewControllerManager.swift */; };
		127CCFF01F327ECF003F979F /* DetailViewController.swift in Sources */ = {isa = PBXBuildFile; fileRef = 127CCFEF1F327ECF003F979F /* DetailViewController.swift */; };
		127CCFF21F33B71D003F979F /* ItemTableViewCell.swift in Sources */ = {isa = PBXBuildFile; fileRef = 127CCFF11F33B71D003F979F /* ItemTableViewCell.swift */; };
		127CCFF41F33B739003F979F /* ItemTableViewCell.xib in Resources */ = {isa = PBXBuildFile; fileRef = 127CCFF31F33B739003F979F /* ItemTableViewCell.xib */; };
		127CCFF61F33B77D003F979F /* ItemCellManager.swift in Sources */ = {isa = PBXBuildFile; fileRef = 127CCFF51F33B77D003F979F /* ItemCellManager.swift */; };
		A259B9839D1C06E7DFF42209 /* Pods_CatchTestTests.framework in Frameworks */ = {isa = PBXBuildFile; fileRef = 71C2914D03C9B34C14A6B998 /* Pods_CatchTestTests.framework */; };
/* End PBXBuildFile section */

/* Begin PBXContainerItemProxy section */
		127CCFC41F3117B3003F979F /* PBXContainerItemProxy */ = {
			isa = PBXContainerItemProxy;
			containerPortal = 127CCFA71F3117B3003F979F /* Project object */;
			proxyType = 1;
			remoteGlobalIDString = 127CCFAE1F3117B3003F979F;
			remoteInfo = CatchTest;
		};
/* End PBXContainerItemProxy section */

/* Begin PBXFileReference section */
		127CCFAF1F3117B3003F979F /* CatchTest.app */ = {isa = PBXFileReference; explicitFileType = wrapper.application; includeInIndex = 0; path = CatchTest.app; sourceTree = BUILT_PRODUCTS_DIR; };
		127CCFB21F3117B3003F979F /* AppDelegate.swift */ = {isa = PBXFileReference; lastKnownFileType = sourcecode.swift; path = AppDelegate.swift; sourceTree = "<group>"; };
		127CCFB71F3117B3003F979F /* Base */ = {isa = PBXFileReference; lastKnownFileType = file.storyboard; name = Base; path = Base.lproj/Main.storyboard; sourceTree = "<group>"; };
		127CCFB91F3117B3003F979F /* Assets.xcassets */ = {isa = PBXFileReference; lastKnownFileType = folder.assetcatalog; path = Assets.xcassets; sourceTree = "<group>"; };
		127CCFBC1F3117B3003F979F /* Base */ = {isa = PBXFileReference; lastKnownFileType = file.storyboard; name = Base; path = Base.lproj/LaunchScreen.storyboard; sourceTree = "<group>"; };
		127CCFBE1F3117B3003F979F /* Info.plist */ = {isa = PBXFileReference; lastKnownFileType = text.plist.xml; path = Info.plist; sourceTree = "<group>"; };
		127CCFC31F3117B3003F979F /* CatchTestTests.xctest */ = {isa = PBXFileReference; explicitFileType = wrapper.cfbundle; includeInIndex = 0; path = CatchTestTests.xctest; sourceTree = BUILT_PRODUCTS_DIR; };
		127CCFC91F3117B3003F979F /* Info.plist */ = {isa = PBXFileReference; lastKnownFileType = text.plist.xml; path = Info.plist; sourceTree = "<group>"; };
		127CCFD41F31184E003F979F /* ItemsViewController.swift */ = {isa = PBXFileReference; fileEncoding = 4; lastKnownFileType = sourcecode.swift; path = ItemsViewController.swift; sourceTree = "<group>"; };
		127CCFD61F3118E3003F979F /* Item.swift */ = {isa = PBXFileReference; fileEncoding = 4; lastKnownFileType = sourcecode.swift; path = Item.swift; sourceTree = "<group>"; };
		127CCFD91F31195D003F979F /* NetworkAssistant.swift */ = {isa = PBXFileReference; fileEncoding = 4; lastKnownFileType = sourcecode.swift; path = NetworkAssistant.swift; sourceTree = "<group>"; };
		127CCFDB1F3122D3003F979F /* ItemUnitTests.swift */ = {isa = PBXFileReference; fileEncoding = 4; lastKnownFileType = sourcecode.swift; path = ItemUnitTests.swift; sourceTree = "<group>"; };
		127CCFDD1F312320003F979F /* FileToJSON.swift */ = {isa = PBXFileReference; fileEncoding = 4; lastKnownFileType = sourcecode.swift; path = FileToJSON.swift; sourceTree = "<group>"; };
		127CCFE51F312A3F003F979F /* badJSON.json */ = {isa = PBXFileReference; fileEncoding = 4; lastKnownFileType = text.json; path = badJSON.json; sourceTree = "<group>"; };
		127CCFE61F312A3F003F979F /* goodJSON.json */ = {isa = PBXFileReference; fileEncoding = 4; lastKnownFileType = text.json; path = goodJSON.json; sourceTree = "<group>"; };
		127CCFE71F312A3F003F979F /* evenWorseJSON.json */ = {isa = PBXFileReference; fileEncoding = 4; lastKnownFileType = text.json; path = evenWorseJSON.json; sourceTree = "<group>"; };
		127CCFED1F3136CD003F979F /* ItemsViewControllerManager.swift */ = {isa = PBXFileReference; fileEncoding = 4; lastKnownFileType = sourcecode.swift; path = ItemsViewControllerManager.swift; sourceTree = "<group>"; };
		127CCFEF1F327ECF003F979F /* DetailViewController.swift */ = {isa = PBXFileReference; fileEncoding = 4; lastKnownFileType = sourcecode.swift; path = DetailViewController.swift; sourceTree = "<group>"; };
		127CCFF11F33B71D003F979F /* ItemTableViewCell.swift */ = {isa = PBXFileReference; fileEncoding = 4; lastKnownFileType = sourcecode.swift; path = ItemTableViewCell.swift; sourceTree = "<group>"; };
		127CCFF31F33B739003F979F /* ItemTableViewCell.xib */ = {isa = PBXFileReference; fileEncoding = 4; lastKnownFileType = file.xib; path = ItemTableViewCell.xib; sourceTree = "<group>"; };
		127CCFF51F33B77D003F979F /* ItemCellManager.swift */ = {isa = PBXFileReference; fileEncoding = 4; lastKnownFileType = sourcecode.swift; path = ItemCellManager.swift; sourceTree = "<group>"; };
		4A26549ACAD47FA83CF72841 /* Pods-CatchTest.debug.xcconfig */ = {isa = PBXFileReference; includeInIndex = 1; lastKnownFileType = text.xcconfig; name = "Pods-CatchTest.debug.xcconfig"; path = "Pods/Target Support Files/Pods-CatchTest/Pods-CatchTest.debug.xcconfig"; sourceTree = "<group>"; };
		5C6A5737DB56C11491AEC4A3 /* Pods-CatchTestTests.release.xcconfig */ = {isa = PBXFileReference; includeInIndex = 1; lastKnownFileType = text.xcconfig; name = "Pods-CatchTestTests.release.xcconfig"; path = "Pods/Target Support Files/Pods-CatchTestTests/Pods-CatchTestTests.release.xcconfig"; sourceTree = "<group>"; };
		668C4144274C641D3D8899DA /* Pods-CatchTestTests.debug.xcconfig */ = {isa = PBXFileReference; includeInIndex = 1; lastKnownFileType = text.xcconfig; name = "Pods-CatchTestTests.debug.xcconfig"; path = "Pods/Target Support Files/Pods-CatchTestTests/Pods-CatchTestTests.debug.xcconfig"; sourceTree = "<group>"; };
		71C2914D03C9B34C14A6B998 /* Pods_CatchTestTests.framework */ = {isa = PBXFileReference; explicitFileType = wrapper.framework; includeInIndex = 0; path = Pods_CatchTestTests.framework; sourceTree = BUILT_PRODUCTS_DIR; };
		799BDC926849E604B0C2D14E /* Pods-CatchTest.release.xcconfig */ = {isa = PBXFileReference; includeInIndex = 1; lastKnownFileType = text.xcconfig; name = "Pods-CatchTest.release.xcconfig"; path = "Pods/Target Support Files/Pods-CatchTest/Pods-CatchTest.release.xcconfig"; sourceTree = "<group>"; };
		ECA8B45B20012E6D558236CB /* Pods_CatchTest.framework */ = {isa = PBXFileReference; explicitFileType = wrapper.framework; includeInIndex = 0; path = Pods_CatchTest.framework; sourceTree = BUILT_PRODUCTS_DIR; };
/* End PBXFileReference section */

/* Begin PBXFrameworksBuildPhase section */
		127CCFAC1F3117B3003F979F /* Frameworks */ = {
			isa = PBXFrameworksBuildPhase;
			buildActionMask = 2147483647;
			files = (
				0E055832EE943885CA07C825 /* Pods_CatchTest.framework in Frameworks */,
			);
			runOnlyForDeploymentPostprocessing = 0;
		};
		127CCFC01F3117B3003F979F /* Frameworks */ = {
			isa = PBXFrameworksBuildPhase;
			buildActionMask = 2147483647;
			files = (
				A259B9839D1C06E7DFF42209 /* Pods_CatchTestTests.framework in Frameworks */,
			);
			runOnlyForDeploymentPostprocessing = 0;
		};
/* End PBXFrameworksBuildPhase section */

/* Begin PBXGroup section */
		127CCFA61F3117B3003F979F = {
			isa = PBXGroup;
			children = (
				127CCFB11F3117B3003F979F /* CatchTest */,
				127CCFC61F3117B3003F979F /* CatchTestTests */,
				127CCFB01F3117B3003F979F /* Products */,
				64DD427025813D9DA729FF95 /* Pods */,
				71295FD6C1A6B5E4688D2F02 /* Frameworks */,
			);
			sourceTree = "<group>";
		};
		127CCFB01F3117B3003F979F /* Products */ = {
			isa = PBXGroup;
			children = (
				127CCFAF1F3117B3003F979F /* CatchTest.app */,
				127CCFC31F3117B3003F979F /* CatchTestTests.xctest */,
			);
			name = Products;
			sourceTree = "<group>";
		};
		127CCFB11F3117B3003F979F /* CatchTest */ = {
			isa = PBXGroup;
			children = (
				127CCFD81F31193D003F979F /* Models */,
				127CCFD31F311801003F979F /* Views */,
				127CCFD21F3117F6003F979F /* Supporting files */,
			);
			path = CatchTest;
			sourceTree = "<group>";
		};
		127CCFC61F3117B3003F979F /* CatchTestTests */ = {
			isa = PBXGroup;
			children = (
				127CCFE51F312A3F003F979F /* badJSON.json */,
				127CCFE61F312A3F003F979F /* goodJSON.json */,
				127CCFE71F312A3F003F979F /* evenWorseJSON.json */,
				127CCFC91F3117B3003F979F /* Info.plist */,
				127CCFDB1F3122D3003F979F /* ItemUnitTests.swift */,
				127CCFDD1F312320003F979F /* FileToJSON.swift */,
			);
			path = CatchTestTests;
			sourceTree = "<group>";
		};
		127CCFD21F3117F6003F979F /* Supporting files */ = {
			isa = PBXGroup;
			children = (
				127CCFB21F3117B3003F979F /* AppDelegate.swift */,
				127CCFB91F3117B3003F979F /* Assets.xcassets */,
				127CCFBB1F3117B3003F979F /* LaunchScreen.storyboard */,
				127CCFBE1F3117B3003F979F /* Info.plist */,
			);
			name = "Supporting files";
			sourceTree = "<group>";
		};
		127CCFD31F311801003F979F /* Views */ = {
			isa = PBXGroup;
			children = (
				127CCFB61F3117B3003F979F /* Main.storyboard */,
				127CCFD41F31184E003F979F /* ItemsViewController.swift */,
				127CCFED1F3136CD003F979F /* ItemsViewControllerManager.swift */,
				127CCFEF1F327ECF003F979F /* DetailViewController.swift */,
				127CCFF11F33B71D003F979F /* ItemTableViewCell.swift */,
				127CCFF31F33B739003F979F /* ItemTableViewCell.xib */,
				127CCFF51F33B77D003F979F /* ItemCellManager.swift */,
			);
			name = Views;
			sourceTree = "<group>";
		};
		127CCFD81F31193D003F979F /* Models */ = {
			isa = PBXGroup;
			children = (
				127CCFD61F3118E3003F979F /* Item.swift */,
				127CCFD91F31195D003F979F /* NetworkAssistant.swift */,
			);
			name = Models;
			sourceTree = "<group>";
		};
		64DD427025813D9DA729FF95 /* Pods */ = {
			isa = PBXGroup;
			children = (
				4A26549ACAD47FA83CF72841 /* Pods-CatchTest.debug.xcconfig */,
				799BDC926849E604B0C2D14E /* Pods-CatchTest.release.xcconfig */,
				668C4144274C641D3D8899DA /* Pods-CatchTestTests.debug.xcconfig */,
				5C6A5737DB56C11491AEC4A3 /* Pods-CatchTestTests.release.xcconfig */,
			);
			name = Pods;
			sourceTree = "<group>";
		};
		71295FD6C1A6B5E4688D2F02 /* Frameworks */ = {
			isa = PBXGroup;
			children = (
				ECA8B45B20012E6D558236CB /* Pods_CatchTest.framework */,
				71C2914D03C9B34C14A6B998 /* Pods_CatchTestTests.framework */,
			);
			name = Frameworks;
			sourceTree = "<group>";
		};
/* End PBXGroup section */

/* Begin PBXNativeTarget section */
		127CCFAE1F3117B3003F979F /* CatchTest */ = {
			isa = PBXNativeTarget;
			buildConfigurationList = 127CCFCC1F3117B3003F979F /* Build configuration list for PBXNativeTarget "CatchTest" */;
			buildPhases = (
				724DE0EBE4A04F1E1C5826E5 /* 📦 Check Pods Manifest.lock */,
				127CCFAB1F3117B3003F979F /* Sources */,
				127CCFAC1F3117B3003F979F /* Frameworks */,
				127CCFAD1F3117B3003F979F /* Resources */,
				89A78EF094909191429C5502 /* 📦 Embed Pods Frameworks */,
				0F1287916F288A79F758F72C /* 📦 Copy Pods Resources */,
			);
			buildRules = (
			);
			dependencies = (
			);
			name = CatchTest;
			productName = CatchTest;
			productReference = 127CCFAF1F3117B3003F979F /* CatchTest.app */;
			productType = "com.apple.product-type.application";
		};
		127CCFC21F3117B3003F979F /* CatchTestTests */ = {
			isa = PBXNativeTarget;
			buildConfigurationList = 127CCFCF1F3117B3003F979F /* Build configuration list for PBXNativeTarget "CatchTestTests" */;
			buildPhases = (
				B7A0221D19B824CD598A55BB /* 📦 Check Pods Manifest.lock */,
				127CCFBF1F3117B3003F979F /* Sources */,
				127CCFC01F3117B3003F979F /* Frameworks */,
				127CCFC11F3117B3003F979F /* Resources */,
				CA164F3BC0C68C0D6EA060EF /* 📦 Embed Pods Frameworks */,
				54A857119BABEF5B60111A4B /* 📦 Copy Pods Resources */,
			);
			buildRules = (
			);
			dependencies = (
				127CCFC51F3117B3003F979F /* PBXTargetDependency */,
			);
			name = CatchTestTests;
			productName = CatchTestTests;
			productReference = 127CCFC31F3117B3003F979F /* CatchTestTests.xctest */;
			productType = "com.apple.product-type.bundle.unit-test";
		};
/* End PBXNativeTarget section */

/* Begin PBXProject section */
		127CCFA71F3117B3003F979F /* Project object */ = {
			isa = PBXProject;
			attributes = {
				LastSwiftUpdateCheck = 0830;
				LastUpgradeCheck = 0830;
				ORGANIZATIONNAME = HristoUzunov;
				TargetAttributes = {
					127CCFAE1F3117B3003F979F = {
						CreatedOnToolsVersion = 8.3.3;
						DevelopmentTeam = TFJZ7UWZ46;
						LastSwiftMigration = 0830;
						ProvisioningStyle = Automatic;
					};
					127CCFC21F3117B3003F979F = {
						CreatedOnToolsVersion = 8.3.3;
						DevelopmentTeam = TFJZ7UWZ46;
						LastSwiftMigration = 0830;
						ProvisioningStyle = Automatic;
						TestTargetID = 127CCFAE1F3117B3003F979F;
					};
				};
			};
			buildConfigurationList = 127CCFAA1F3117B3003F979F /* Build configuration list for PBXProject "CatchTest" */;
			compatibilityVersion = "Xcode 3.2";
			developmentRegion = English;
			hasScannedForEncodings = 0;
			knownRegions = (
				en,
				Base,
			);
			mainGroup = 127CCFA61F3117B3003F979F;
			productRefGroup = 127CCFB01F3117B3003F979F /* Products */;
			projectDirPath = "";
			projectRoot = "";
			targets = (
				127CCFAE1F3117B3003F979F /* CatchTest */,
				127CCFC21F3117B3003F979F /* CatchTestTests */,
			);
		};
/* End PBXProject section */

/* Begin PBXResourcesBuildPhase section */
		127CCFAD1F3117B3003F979F /* Resources */ = {
			isa = PBXResourcesBuildPhase;
			buildActionMask = 2147483647;
			files = (
				127CCFF41F33B739003F979F /* ItemTableViewCell.xib in Resources */,
				127CCFBD1F3117B3003F979F /* LaunchScreen.storyboard in Resources */,
				127CCFBA1F3117B3003F979F /* Assets.xcassets in Resources */,
				127CCFB81F3117B3003F979F /* Main.storyboard in Resources */,
			);
			runOnlyForDeploymentPostprocessing = 0;
		};
		127CCFC11F3117B3003F979F /* Resources */ = {
			isa = PBXResourcesBuildPhase;
			buildActionMask = 2147483647;
			files = (
				127CCFEA1F312A3F003F979F /* evenWorseJSON.json in Resources */,
				127CCFE91F312A3F003F979F /* goodJSON.json in Resources */,
				127CCFE81F312A3F003F979F /* badJSON.json in Resources */,
			);
			runOnlyForDeploymentPostprocessing = 0;
		};
/* End PBXResourcesBuildPhase section */

/* Begin PBXShellScriptBuildPhase section */
		0F1287916F288A79F758F72C /* 📦 Copy Pods Resources */ = {
			isa = PBXShellScriptBuildPhase;
			buildActionMask = 2147483647;
			files = (
			);
			inputPaths = (
			);
			name = "📦 Copy Pods Resources";
			outputPaths = (
			);
			runOnlyForDeploymentPostprocessing = 0;
			shellPath = /bin/sh;
			shellScript = "\"${SRCROOT}/Pods/Target Support Files/Pods-CatchTest/Pods-CatchTest-resources.sh\"\n";
			showEnvVarsInLog = 0;
		};
		54A857119BABEF5B60111A4B /* 📦 Copy Pods Resources */ = {
			isa = PBXShellScriptBuildPhase;
			buildActionMask = 2147483647;
			files = (
			);
			inputPaths = (
			);
			name = "📦 Copy Pods Resources";
			outputPaths = (
			);
			runOnlyForDeploymentPostprocessing = 0;
			shellPath = /bin/sh;
			shellScript = "\"${SRCROOT}/Pods/Target Support Files/Pods-CatchTestTests/Pods-CatchTestTests-resources.sh\"\n";
			showEnvVarsInLog = 0;
		};
		724DE0EBE4A04F1E1C5826E5 /* 📦 Check Pods Manifest.lock */ = {
			isa = PBXShellScriptBuildPhase;
			buildActionMask = 2147483647;
			files = (
			);
			inputPaths = (
			);
			name = "📦 Check Pods Manifest.lock";
			outputPaths = (
			);
			runOnlyForDeploymentPostprocessing = 0;
			shellPath = /bin/sh;
			shellScript = "diff \"${PODS_ROOT}/../Podfile.lock\" \"${PODS_ROOT}/Manifest.lock\" > /dev/null\nif [[ $? != 0 ]] ; then\n    cat << EOM\nerror: The sandbox is not in sync with the Podfile.lock. Run 'pod install' or update your CocoaPods installation.\nEOM\n    exit 1\nfi\n";
			showEnvVarsInLog = 0;
		};
		89A78EF094909191429C5502 /* 📦 Embed Pods Frameworks */ = {
			isa = PBXShellScriptBuildPhase;
			buildActionMask = 2147483647;
			files = (
			);
			inputPaths = (
			);
			name = "📦 Embed Pods Frameworks";
			outputPaths = (
			);
			runOnlyForDeploymentPostprocessing = 0;
			shellPath = /bin/sh;
			shellScript = "\"${SRCROOT}/Pods/Target Support Files/Pods-CatchTest/Pods-CatchTest-frameworks.sh\"\n";
			showEnvVarsInLog = 0;
		};
		B7A0221D19B824CD598A55BB /* 📦 Check Pods Manifest.lock */ = {
			isa = PBXShellScriptBuildPhase;
			buildActionMask = 2147483647;
			files = (
			);
			inputPaths = (
			);
			name = "📦 Check Pods Manifest.lock";
			outputPaths = (
			);
			runOnlyForDeploymentPostprocessing = 0;
			shellPath = /bin/sh;
			shellScript = "diff \"${PODS_ROOT}/../Podfile.lock\" \"${PODS_ROOT}/Manifest.lock\" > /dev/null\nif [[ $? != 0 ]] ; then\n    cat << EOM\nerror: The sandbox is not in sync with the Podfile.lock. Run 'pod install' or update your CocoaPods installation.\nEOM\n    exit 1\nfi\n";
			showEnvVarsInLog = 0;
		};
		CA164F3BC0C68C0D6EA060EF /* 📦 Embed Pods Frameworks */ = {
			isa = PBXShellScriptBuildPhase;
			buildActionMask = 2147483647;
			files = (
			);
			inputPaths = (
			);
			name = "📦 Embed Pods Frameworks";
			outputPaths = (
			);
			runOnlyForDeploymentPostprocessing = 0;
			shellPath = /bin/sh;
			shellScript = "\"${SRCROOT}/Pods/Target Support Files/Pods-CatchTestTests/Pods-CatchTestTests-frameworks.sh\"\n";
			showEnvVarsInLog = 0;
		};
/* End PBXShellScriptBuildPhase section */

/* Begin PBXSourcesBuildPhase section */
		127CCFAB1F3117B3003F979F /* Sources */ = {
			isa = PBXSourcesBuildPhase;
			buildActionMask = 2147483647;
			files = (
				127CCFB31F3117B3003F979F /* AppDelegate.swift in Sources */,
				127CCFEE1F3136CD003F979F /* ItemsViewControllerManager.swift in Sources */,
				127CCFF61F33B77D003F979F /* ItemCellManager.swift in Sources */,
				127CCFDA1F31195D003F979F /* NetworkAssistant.swift in Sources */,
				127CCFF01F327ECF003F979F /* DetailViewController.swift in Sources */,
				127CCFD71F3118E3003F979F /* Item.swift in Sources */,
				127CCFF21F33B71D003F979F /* ItemTableViewCell.swift in Sources */,
				127CCFD51F31184E003F979F /* ItemsViewController.swift in Sources */,
			);
			runOnlyForDeploymentPostprocessing = 0;
		};
		127CCFBF1F3117B3003F979F /* Sources */ = {
			isa = PBXSourcesBuildPhase;
			buildActionMask = 2147483647;
			files = (
				127CCFDE1F312320003F979F /* FileToJSON.swift in Sources */,
				127CCFDC1F3122D3003F979F /* ItemUnitTests.swift in Sources */,
			);
			runOnlyForDeploymentPostprocessing = 0;
		};
/* End PBXSourcesBuildPhase section */

/* Begin PBXTargetDependency section */
		127CCFC51F3117B3003F979F /* PBXTargetDependency */ = {
			isa = PBXTargetDependency;
			target = 127CCFAE1F3117B3003F979F /* CatchTest */;
			targetProxy = 127CCFC41F3117B3003F979F /* PBXContainerItemProxy */;
		};
/* End PBXTargetDependency section */

/* Begin PBXVariantGroup section */
		127CCFB61F3117B3003F979F /* Main.storyboard */ = {
			isa = PBXVariantGroup;
			children = (
				127CCFB71F3117B3003F979F /* Base */,
			);
			name = Main.storyboard;
			sourceTree = "<group>";
		};
		127CCFBB1F3117B3003F979F /* LaunchScreen.storyboard */ = {
			isa = PBXVariantGroup;
			children = (
				127CCFBC1F3117B3003F979F /* Base */,
			);
			name = LaunchScreen.storyboard;
			sourceTree = "<group>";
		};
/* End PBXVariantGroup section */

/* Begin XCBuildConfiguration section */
		127CCFCA1F3117B3003F979F /* Debug */ = {
			isa = XCBuildConfiguration;
			buildSettings = {
				ALWAYS_SEARCH_USER_PATHS = NO;
				CLANG_ANALYZER_NONNULL = YES;
				CLANG_ANALYZER_NUMBER_OBJECT_CONVERSION = YES_AGGRESSIVE;
				CLANG_CXX_LANGUAGE_STANDARD = "gnu++0x";
				CLANG_CXX_LIBRARY = "libc++";
				CLANG_ENABLE_MODULES = YES;
				CLANG_ENABLE_OBJC_ARC = YES;
				CLANG_WARN_BOOL_CONVERSION = YES;
				CLANG_WARN_CONSTANT_CONVERSION = YES;
				CLANG_WARN_DIRECT_OBJC_ISA_USAGE = YES_ERROR;
				CLANG_WARN_DOCUMENTATION_COMMENTS = YES;
				CLANG_WARN_EMPTY_BODY = YES;
				CLANG_WARN_ENUM_CONVERSION = YES;
				CLANG_WARN_INFINITE_RECURSION = YES;
				CLANG_WARN_INT_CONVERSION = YES;
				CLANG_WARN_OBJC_ROOT_CLASS = YES_ERROR;
				CLANG_WARN_SUSPICIOUS_MOVE = YES;
				CLANG_WARN_UNREACHABLE_CODE = YES;
				CLANG_WARN__DUPLICATE_METHOD_MATCH = YES;
				"CODE_SIGN_IDENTITY[sdk=iphoneos*]" = "iPhone Developer";
				COPY_PHASE_STRIP = NO;
				DEBUG_INFORMATION_FORMAT = dwarf;
				ENABLE_STRICT_OBJC_MSGSEND = YES;
				ENABLE_TESTABILITY = YES;
				GCC_C_LANGUAGE_STANDARD = gnu99;
				GCC_DYNAMIC_NO_PIC = NO;
				GCC_NO_COMMON_BLOCKS = YES;
				GCC_OPTIMIZATION_LEVEL = 0;
				GCC_PREPROCESSOR_DEFINITIONS = (
					"DEBUG=1",
					"$(inherited)",
				);
				GCC_WARN_64_TO_32_BIT_CONVERSION = YES;
				GCC_WARN_ABOUT_RETURN_TYPE = YES_ERROR;
				GCC_WARN_UNDECLARED_SELECTOR = YES;
				GCC_WARN_UNINITIALIZED_AUTOS = YES_AGGRESSIVE;
				GCC_WARN_UNUSED_FUNCTION = YES;
				GCC_WARN_UNUSED_VARIABLE = YES;
				IPHONEOS_DEPLOYMENT_TARGET = 10.3;
				MTL_ENABLE_DEBUG_INFO = YES;
				ONLY_ACTIVE_ARCH = YES;
				SDKROOT = iphoneos;
				SWIFT_ACTIVE_COMPILATION_CONDITIONS = DEBUG;
				SWIFT_OPTIMIZATION_LEVEL = "-Onone";
			};
			name = Debug;
		};
		127CCFCB1F3117B3003F979F /* Release */ = {
			isa = XCBuildConfiguration;
			buildSettings = {
				ALWAYS_SEARCH_USER_PATHS = NO;
				CLANG_ANALYZER_NONNULL = YES;
				CLANG_ANALYZER_NUMBER_OBJECT_CONVERSION = YES_AGGRESSIVE;
				CLANG_CXX_LANGUAGE_STANDARD = "gnu++0x";
				CLANG_CXX_LIBRARY = "libc++";
				CLANG_ENABLE_MODULES = YES;
				CLANG_ENABLE_OBJC_ARC = YES;
				CLANG_WARN_BOOL_CONVERSION = YES;
				CLANG_WARN_CONSTANT_CONVERSION = YES;
				CLANG_WARN_DIRECT_OBJC_ISA_USAGE = YES_ERROR;
				CLANG_WARN_DOCUMENTATION_COMMENTS = YES;
				CLANG_WARN_EMPTY_BODY = YES;
				CLANG_WARN_ENUM_CONVERSION = YES;
				CLANG_WARN_INFINITE_RECURSION = YES;
				CLANG_WARN_INT_CONVERSION = YES;
				CLANG_WARN_OBJC_ROOT_CLASS = YES_ERROR;
				CLANG_WARN_SUSPICIOUS_MOVE = YES;
				CLANG_WARN_UNREACHABLE_CODE = YES;
				CLANG_WARN__DUPLICATE_METHOD_MATCH = YES;
				"CODE_SIGN_IDENTITY[sdk=iphoneos*]" = "iPhone Developer";
				COPY_PHASE_STRIP = NO;
				DEBUG_INFORMATION_FORMAT = "dwarf-with-dsym";
				ENABLE_NS_ASSERTIONS = NO;
				ENABLE_STRICT_OBJC_MSGSEND = YES;
				GCC_C_LANGUAGE_STANDARD = gnu99;
				GCC_NO_COMMON_BLOCKS = YES;
				GCC_WARN_64_TO_32_BIT_CONVERSION = YES;
				GCC_WARN_ABOUT_RETURN_TYPE = YES_ERROR;
				GCC_WARN_UNDECLARED_SELECTOR = YES;
				GCC_WARN_UNINITIALIZED_AUTOS = YES_AGGRESSIVE;
				GCC_WARN_UNUSED_FUNCTION = YES;
				GCC_WARN_UNUSED_VARIABLE = YES;
				IPHONEOS_DEPLOYMENT_TARGET = 10.3;
				MTL_ENABLE_DEBUG_INFO = NO;
				SDKROOT = iphoneos;
				SWIFT_OPTIMIZATION_LEVEL = "-Owholemodule";
				VALIDATE_PRODUCT = YES;
			};
			name = Release;
		};
		127CCFCD1F3117B3003F979F /* Debug */ = {
			isa = XCBuildConfiguration;
			baseConfigurationReference = 4A26549ACAD47FA83CF72841 /* Pods-CatchTest.debug.xcconfig */;
			buildSettings = {
				ASSETCATALOG_COMPILER_APPICON_NAME = AppIcon;
				DEVELOPMENT_TEAM = TFJZ7UWZ46;
				INFOPLIST_FILE = CatchTest/Info.plist;
				LD_RUNPATH_SEARCH_PATHS = "$(inherited) @executable_path/Frameworks";
				PRODUCT_BUNDLE_IDENTIFIER = nz.co.catch.CatchTest;
				PRODUCT_NAME = "$(TARGET_NAME)";
				SWIFT_VERSION = 3.0;
			};
			name = Debug;
		};
		127CCFCE1F3117B3003F979F /* Release */ = {
			isa = XCBuildConfiguration;
			baseConfigurationReference = 799BDC926849E604B0C2D14E /* Pods-CatchTest.release.xcconfig */;
			buildSettings = {
				ASSETCATALOG_COMPILER_APPICON_NAME = AppIcon;
				DEVELOPMENT_TEAM = TFJZ7UWZ46;
				INFOPLIST_FILE = CatchTest/Info.plist;
				LD_RUNPATH_SEARCH_PATHS = "$(inherited) @executable_path/Frameworks";
				PRODUCT_BUNDLE_IDENTIFIER = nz.co.catch.CatchTest;
				PRODUCT_NAME = "$(TARGET_NAME)";
				SWIFT_VERSION = 3.0;
			};
			name = Release;
		};
		127CCFD01F3117B3003F979F /* Debug */ = {
			isa = XCBuildConfiguration;
			baseConfigurationReference = 668C4144274C641D3D8899DA /* Pods-CatchTestTests.debug.xcconfig */;
			buildSettings = {
				ALWAYS_EMBED_SWIFT_STANDARD_LIBRARIES = YES;
				BUNDLE_LOADER = "$(TEST_HOST)";
				DEVELOPMENT_TEAM = TFJZ7UWZ46;
				INFOPLIST_FILE = CatchTestTests/Info.plist;
				LD_RUNPATH_SEARCH_PATHS = "$(inherited) @executable_path/Frameworks @loader_path/Frameworks";
				PRODUCT_BUNDLE_IDENTIFIER = nz.co.catch.CatchTestTests;
				PRODUCT_NAME = "$(TARGET_NAME)";
				SWIFT_VERSION = 3.0;
				TEST_HOST = "$(BUILT_PRODUCTS_DIR)/CatchTest.app/CatchTest";
			};
			name = Debug;
		};
		127CCFD11F3117B3003F979F /* Release */ = {
			isa = XCBuildConfiguration;
			baseConfigurationReference = 5C6A5737DB56C11491AEC4A3 /* Pods-CatchTestTests.release.xcconfig */;
			buildSettings = {
				ALWAYS_EMBED_SWIFT_STANDARD_LIBRARIES = YES;
				BUNDLE_LOADER = "$(TEST_HOST)";
				DEVELOPMENT_TEAM = TFJZ7UWZ46;
				INFOPLIST_FILE = CatchTestTests/Info.plist;
				LD_RUNPATH_SEARCH_PATHS = "$(inherited) @executable_path/Frameworks @loader_path/Frameworks";
				PRODUCT_BUNDLE_IDENTIFIER = nz.co.catch.CatchTestTests;
				PRODUCT_NAME = "$(TARGET_NAME)";
				SWIFT_VERSION = 3.0;
				TEST_HOST = "$(BUILT_PRODUCTS_DIR)/CatchTest.app/CatchTest";
			};
			name = Release;
		};
/* End XCBuildConfiguration section */

/* Begin XCConfigurationList section */
		127CCFAA1F3117B3003F979F /* Build configuration list for PBXProject "CatchTest" */ = {
			isa = XCConfigurationList;
			buildConfigurations = (
				127CCFCA1F3117B3003F979F /* Debug */,
				127CCFCB1F3117B3003F979F /* Release */,
			);
			defaultConfigurationIsVisible = 0;
			defaultConfigurationName = Release;
		};
		127CCFCC1F3117B3003F979F /* Build configuration list for PBXNativeTarget "CatchTest" */ = {
			isa = XCConfigurationList;
			buildConfigurations = (
				127CCFCD1F3117B3003F979F /* Debug */,
				127CCFCE1F3117B3003F979F /* Release */,
			);
			defaultConfigurationIsVisible = 0;
			defaultConfigurationName = Release;
		};
		127CCFCF1F3117B3003F979F /* Build configuration list for PBXNativeTarget "CatchTestTests" */ = {
			isa = XCConfigurationList;
			buildConfigurations = (
				127CCFD01F3117B3003F979F /* Debug */,
				127CCFD11F3117B3003F979F /* Release */,
			);
			defaultConfigurationIsVisible = 0;
			defaultConfigurationName = Release;
		};
/* End XCConfigurationList section */
	};
	rootObject = 127CCFA71F3117B3003F979F /* Project object */;
}
