// !$*UTF8*$!
{
	archiveVersion = 1;
	classes = {
	};
	objectVersion = 46;
	objects = {

/* Begin PBXBuildFile section */
		A1DB6148F34061CBA2CA9CEC /* Pods_Catch.framework in Frameworks */ = {isa = PBXBuildFile; fileRef = AD580FF80D65043DE7BAD460 /* Pods_Catch.framework */; };
		FB49A5051F30457E00048A06 /* Main.storyboard in Resources */ = {isa = PBXBuildFile; fileRef = FB49A5031F30457E00048A06 /* Main.storyboard */; };
		FB49A5071F30457E00048A06 /* Assets.xcassets in Resources */ = {isa = PBXBuildFile; fileRef = FB49A5061F30457E00048A06 /* Assets.xcassets */; };
		FB49A50A1F30457E00048A06 /* LaunchScreen.storyboard in Resources */ = {isa = PBXBuildFile; fileRef = FB49A5081F30457E00048A06 /* LaunchScreen.storyboard */; };
		FB49A5151F30457E00048A06 /* CatchFetchDataTests.swift in Sources */ = {isa = PBXBuildFile; fileRef = FB49A5141F30457E00048A06 /* CatchFetchDataTests.swift */; };
		FB49A5201F30457E00048A06 /* CatchUITests.swift in Sources */ = {isa = PBXBuildFile; fileRef = FB49A51F1F30457E00048A06 /* CatchUITests.swift */; };
		FB49A5481F30487A00048A06 /* AppDelegate.swift in Sources */ = {isa = PBXBuildFile; fileRef = FB49A52F1F30487A00048A06 /* AppDelegate.swift */; };
		FB49A54B1F3048C300048A06 /* ListTableViewController.swift in Sources */ = {isa = PBXBuildFile; fileRef = FB49A54A1F3048C300048A06 /* ListTableViewController.swift */; };
		FB49A54D1F3048D700048A06 /* DetailViewController.swift in Sources */ = {isa = PBXBuildFile; fileRef = FB49A54C1F3048D700048A06 /* DetailViewController.swift */; };
		FB49A54F1F304C7300048A06 /* ListPresenter.swift in Sources */ = {isa = PBXBuildFile; fileRef = FB49A54E1F304C7300048A06 /* ListPresenter.swift */; };
		FB49A5511F304C9100048A06 /* ListTableViewInterface.swift in Sources */ = {isa = PBXBuildFile; fileRef = FB49A5501F304C9100048A06 /* ListTableViewInterface.swift */; };
		FB49A5531F304D0200048A06 /* ListModuleInterface.swift in Sources */ = {isa = PBXBuildFile; fileRef = FB49A5521F304D0200048A06 /* ListModuleInterface.swift */; };
		FB49A5551F304D6300048A06 /* ListInteractorIOInterface.swift in Sources */ = {isa = PBXBuildFile; fileRef = FB49A5541F304D6300048A06 /* ListInteractorIOInterface.swift */; };
		FB49A5571F304DB600048A06 /* ListInteractor.swift in Sources */ = {isa = PBXBuildFile; fileRef = FB49A5561F304DB600048A06 /* ListInteractor.swift */; };
		FB49A5591F304DF500048A06 /* ListDataManager.swift in Sources */ = {isa = PBXBuildFile; fileRef = FB49A5581F304DF500048A06 /* ListDataManager.swift */; };
		FB49A55B1F304E1900048A06 /* DataEntity.swift in Sources */ = {isa = PBXBuildFile; fileRef = FB49A55A1F304E1900048A06 /* DataEntity.swift */; };
		FB49A55D1F3057E300048A06 /* ListWireframe.swift in Sources */ = {isa = PBXBuildFile; fileRef = FB49A55C1F3057E300048A06 /* ListWireframe.swift */; };
		FB49A55F1F3059BA00048A06 /* DetailWireframe.swift in Sources */ = {isa = PBXBuildFile; fileRef = FB49A55E1F3059BA00048A06 /* DetailWireframe.swift */; };
		FB49A5611F3059FD00048A06 /* BaseWireframe.swift in Sources */ = {isa = PBXBuildFile; fileRef = FB49A5601F3059FD00048A06 /* BaseWireframe.swift */; };
		FB49A5631F305C7D00048A06 /* AppDependencies.swift in Sources */ = {isa = PBXBuildFile; fileRef = FB49A5621F305C7D00048A06 /* AppDependencies.swift */; };
		FB49A5661F3067E400048A06 /* String+CapitalizingFirstLetter.swift in Sources */ = {isa = PBXBuildFile; fileRef = FB49A5651F3067E400048A06 /* String+CapitalizingFirstLetter.swift */; };
		FB49A5681F30841400048A06 /* ListTableViewCell.swift in Sources */ = {isa = PBXBuildFile; fileRef = FB49A5671F30841400048A06 /* ListTableViewCell.swift */; };
		FB49A56A1F30904200048A06 /* CatchStringTests.swift in Sources */ = {isa = PBXBuildFile; fileRef = FB49A5691F30904200048A06 /* CatchStringTests.swift */; };
/* End PBXBuildFile section */

/* Begin PBXContainerItemProxy section */
		FB49A5111F30457E00048A06 /* PBXContainerItemProxy */ = {
			isa = PBXContainerItemProxy;
			containerPortal = FB49A4F41F30457E00048A06 /* Project object */;
			proxyType = 1;
			remoteGlobalIDString = FB49A4FB1F30457E00048A06;
			remoteInfo = Catch;
		};
		FB49A51C1F30457E00048A06 /* PBXContainerItemProxy */ = {
			isa = PBXContainerItemProxy;
			containerPortal = FB49A4F41F30457E00048A06 /* Project object */;
			proxyType = 1;
			remoteGlobalIDString = FB49A4FB1F30457E00048A06;
			remoteInfo = Catch;
		};
/* End PBXContainerItemProxy section */

/* Begin PBXFileReference section */
		26930C8ECFAEF702DAF9B4B0 /* Pods-Catch.release.xcconfig */ = {isa = PBXFileReference; includeInIndex = 1; lastKnownFileType = text.xcconfig; name = "Pods-Catch.release.xcconfig"; path = "Pods/Target Support Files/Pods-Catch/Pods-Catch.release.xcconfig"; sourceTree = "<group>"; };
		AD580FF80D65043DE7BAD460 /* Pods_Catch.framework */ = {isa = PBXFileReference; explicitFileType = wrapper.framework; includeInIndex = 0; path = Pods_Catch.framework; sourceTree = BUILT_PRODUCTS_DIR; };
		B67AA87CB23E2F43AADFFA6F /* Pods-Catch.debug.xcconfig */ = {isa = PBXFileReference; includeInIndex = 1; lastKnownFileType = text.xcconfig; name = "Pods-Catch.debug.xcconfig"; path = "Pods/Target Support Files/Pods-Catch/Pods-Catch.debug.xcconfig"; sourceTree = "<group>"; };
		FB49A4FC1F30457E00048A06 /* Catch.app */ = {isa = PBXFileReference; explicitFileType = wrapper.application; includeInIndex = 0; path = Catch.app; sourceTree = BUILT_PRODUCTS_DIR; };
		FB49A5041F30457E00048A06 /* Base */ = {isa = PBXFileReference; lastKnownFileType = file.storyboard; name = Base; path = Base.lproj/Main.storyboard; sourceTree = "<group>"; };
		FB49A5061F30457E00048A06 /* Assets.xcassets */ = {isa = PBXFileReference; lastKnownFileType = folder.assetcatalog; path = Assets.xcassets; sourceTree = "<group>"; };
		FB49A5091F30457E00048A06 /* Base */ = {isa = PBXFileReference; lastKnownFileType = file.storyboard; name = Base; path = Base.lproj/LaunchScreen.storyboard; sourceTree = "<group>"; };
		FB49A50B1F30457E00048A06 /* Info.plist */ = {isa = PBXFileReference; lastKnownFileType = text.plist.xml; path = Info.plist; sourceTree = "<group>"; };
		FB49A5101F30457E00048A06 /* CatchTests.xctest */ = {isa = PBXFileReference; explicitFileType = wrapper.cfbundle; includeInIndex = 0; path = CatchTests.xctest; sourceTree = BUILT_PRODUCTS_DIR; };
		FB49A5141F30457E00048A06 /* CatchFetchDataTests.swift */ = {isa = PBXFileReference; lastKnownFileType = sourcecode.swift; path = CatchFetchDataTests.swift; sourceTree = "<group>"; };
		FB49A5161F30457E00048A06 /* Info.plist */ = {isa = PBXFileReference; lastKnownFileType = text.plist.xml; path = Info.plist; sourceTree = "<group>"; };
		FB49A51B1F30457E00048A06 /* CatchUITests.xctest */ = {isa = PBXFileReference; explicitFileType = wrapper.cfbundle; includeInIndex = 0; path = CatchUITests.xctest; sourceTree = BUILT_PRODUCTS_DIR; };
		FB49A51F1F30457E00048A06 /* CatchUITests.swift */ = {isa = PBXFileReference; lastKnownFileType = sourcecode.swift; path = CatchUITests.swift; sourceTree = "<group>"; };
		FB49A5211F30457E00048A06 /* Info.plist */ = {isa = PBXFileReference; lastKnownFileType = text.plist.xml; path = Info.plist; sourceTree = "<group>"; };
		FB49A52F1F30487A00048A06 /* AppDelegate.swift */ = {isa = PBXFileReference; fileEncoding = 4; lastKnownFileType = sourcecode.swift; path = AppDelegate.swift; sourceTree = "<group>"; };
		FB49A54A1F3048C300048A06 /* ListTableViewController.swift */ = {isa = PBXFileReference; fileEncoding = 4; lastKnownFileType = sourcecode.swift; path = ListTableViewController.swift; sourceTree = "<group>"; };
		FB49A54C1F3048D700048A06 /* DetailViewController.swift */ = {isa = PBXFileReference; fileEncoding = 4; lastKnownFileType = sourcecode.swift; path = DetailViewController.swift; sourceTree = "<group>"; };
		FB49A54E1F304C7300048A06 /* ListPresenter.swift */ = {isa = PBXFileReference; fileEncoding = 4; lastKnownFileType = sourcecode.swift; path = ListPresenter.swift; sourceTree = "<group>"; };
		FB49A5501F304C9100048A06 /* ListTableViewInterface.swift */ = {isa = PBXFileReference; fileEncoding = 4; lastKnownFileType = sourcecode.swift; path = ListTableViewInterface.swift; sourceTree = "<group>"; };
		FB49A5521F304D0200048A06 /* ListModuleInterface.swift */ = {isa = PBXFileReference; fileEncoding = 4; lastKnownFileType = sourcecode.swift; path = ListModuleInterface.swift; sourceTree = "<group>"; };
		FB49A5541F304D6300048A06 /* ListInteractorIOInterface.swift */ = {isa = PBXFileReference; fileEncoding = 4; lastKnownFileType = sourcecode.swift; path = ListInteractorIOInterface.swift; sourceTree = "<group>"; };
		FB49A5561F304DB600048A06 /* ListInteractor.swift */ = {isa = PBXFileReference; fileEncoding = 4; lastKnownFileType = sourcecode.swift; path = ListInteractor.swift; sourceTree = "<group>"; };
		FB49A5581F304DF500048A06 /* ListDataManager.swift */ = {isa = PBXFileReference; fileEncoding = 4; lastKnownFileType = sourcecode.swift; path = ListDataManager.swift; sourceTree = "<group>"; };
		FB49A55A1F304E1900048A06 /* DataEntity.swift */ = {isa = PBXFileReference; fileEncoding = 4; lastKnownFileType = sourcecode.swift; path = DataEntity.swift; sourceTree = "<group>"; };
		FB49A55C1F3057E300048A06 /* ListWireframe.swift */ = {isa = PBXFileReference; fileEncoding = 4; lastKnownFileType = sourcecode.swift; path = ListWireframe.swift; sourceTree = "<group>"; };
		FB49A55E1F3059BA00048A06 /* DetailWireframe.swift */ = {isa = PBXFileReference; fileEncoding = 4; lastKnownFileType = sourcecode.swift; path = DetailWireframe.swift; sourceTree = "<group>"; };
		FB49A5601F3059FD00048A06 /* BaseWireframe.swift */ = {isa = PBXFileReference; fileEncoding = 4; lastKnownFileType = sourcecode.swift; path = BaseWireframe.swift; sourceTree = "<group>"; };
		FB49A5621F305C7D00048A06 /* AppDependencies.swift */ = {isa = PBXFileReference; fileEncoding = 4; lastKnownFileType = sourcecode.swift; path = AppDependencies.swift; sourceTree = "<group>"; };
		FB49A5651F3067E400048A06 /* String+CapitalizingFirstLetter.swift */ = {isa = PBXFileReference; fileEncoding = 4; lastKnownFileType = sourcecode.swift; path = "String+CapitalizingFirstLetter.swift"; sourceTree = "<group>"; };
		FB49A5671F30841400048A06 /* ListTableViewCell.swift */ = {isa = PBXFileReference; fileEncoding = 4; lastKnownFileType = sourcecode.swift; path = ListTableViewCell.swift; sourceTree = "<group>"; };
		FB49A5691F30904200048A06 /* CatchStringTests.swift */ = {isa = PBXFileReference; fileEncoding = 4; lastKnownFileType = sourcecode.swift; path = CatchStringTests.swift; sourceTree = "<group>"; };
/* End PBXFileReference section */

/* Begin PBXFrameworksBuildPhase section */
		FB49A4F91F30457E00048A06 /* Frameworks */ = {
			isa = PBXFrameworksBuildPhase;
			buildActionMask = 2147483647;
			files = (
				A1DB6148F34061CBA2CA9CEC /* Pods_Catch.framework in Frameworks */,
			);
			runOnlyForDeploymentPostprocessing = 0;
		};
		FB49A50D1F30457E00048A06 /* Frameworks */ = {
			isa = PBXFrameworksBuildPhase;
			buildActionMask = 2147483647;
			files = (
			);
			runOnlyForDeploymentPostprocessing = 0;
		};
		FB49A5181F30457E00048A06 /* Frameworks */ = {
			isa = PBXFrameworksBuildPhase;
			buildActionMask = 2147483647;
			files = (
			);
			runOnlyForDeploymentPostprocessing = 0;
		};
/* End PBXFrameworksBuildPhase section */

/* Begin PBXGroup section */
		125CEF75F8462EBD7121BEA7 /* Pods */ = {
			isa = PBXGroup;
			children = (
				B67AA87CB23E2F43AADFFA6F /* Pods-Catch.debug.xcconfig */,
				26930C8ECFAEF702DAF9B4B0 /* Pods-Catch.release.xcconfig */,
			);
			name = Pods;
			sourceTree = "<group>";
		};
		90B4047960D6D45C28663EBA /* Frameworks */ = {
			isa = PBXGroup;
			children = (
				AD580FF80D65043DE7BAD460 /* Pods_Catch.framework */,
			);
			name = Frameworks;
			sourceTree = "<group>";
		};
		FB49A4F31F30457E00048A06 = {
			isa = PBXGroup;
			children = (
				FB49A4FE1F30457E00048A06 /* Catch */,
				FB49A5131F30457E00048A06 /* CatchTests */,
				FB49A51E1F30457E00048A06 /* CatchUITests */,
				FB49A4FD1F30457E00048A06 /* Products */,
				125CEF75F8462EBD7121BEA7 /* Pods */,
				90B4047960D6D45C28663EBA /* Frameworks */,
			);
			sourceTree = "<group>";
		};
		FB49A4FD1F30457E00048A06 /* Products */ = {
			isa = PBXGroup;
			children = (
				FB49A4FC1F30457E00048A06 /* Catch.app */,
				FB49A5101F30457E00048A06 /* CatchTests.xctest */,
				FB49A51B1F30457E00048A06 /* CatchUITests.xctest */,
			);
			name = Products;
			sourceTree = "<group>";
		};
		FB49A4FE1F30457E00048A06 /* Catch */ = {
			isa = PBXGroup;
			children = (
				FB49A52E1F30487A00048A06 /* Classes */,
				FB49A52D1F30485500048A06 /* Resources */,
				FB49A5491F30488400048A06 /* Supporting Files */,
			);
			path = Catch;
			sourceTree = "<group>";
		};
		FB49A5131F30457E00048A06 /* CatchTests */ = {
			isa = PBXGroup;
			children = (
				FB49A5141F30457E00048A06 /* CatchFetchDataTests.swift */,
				FB49A5691F30904200048A06 /* CatchStringTests.swift */,
				FB49A5161F30457E00048A06 /* Info.plist */,
			);
			path = CatchTests;
			sourceTree = "<group>";
		};
		FB49A51E1F30457E00048A06 /* CatchUITests */ = {
			isa = PBXGroup;
			children = (
				FB49A51F1F30457E00048A06 /* CatchUITests.swift */,
				FB49A5211F30457E00048A06 /* Info.plist */,
			);
			path = CatchUITests;
			sourceTree = "<group>";
		};
		FB49A52D1F30485500048A06 /* Resources */ = {
			isa = PBXGroup;
			children = (
				FB49A5031F30457E00048A06 /* Main.storyboard */,
				FB49A5061F30457E00048A06 /* Assets.xcassets */,
				FB49A5081F30457E00048A06 /* LaunchScreen.storyboard */,
			);
			name = Resources;
			sourceTree = "<group>";
		};
		FB49A52E1F30487A00048A06 /* Classes */ = {
			isa = PBXGroup;
			children = (
				FB49A52F1F30487A00048A06 /* AppDelegate.swift */,
				FB49A5621F305C7D00048A06 /* AppDependencies.swift */,
				FB49A5301F30487A00048A06 /* Common */,
				FB49A5331F30487A00048A06 /* Modules */,
			);
			path = Classes;
			sourceTree = "<group>";
		};
		FB49A5301F30487A00048A06 /* Common */ = {
			isa = PBXGroup;
			children = (
				FB49A5641F3067BE00048A06 /* Extension */,
				FB49A5311F30487A00048A06 /* Base */,
			);
			path = Common;
			sourceTree = "<group>";
		};
		FB49A5311F30487A00048A06 /* Base */ = {
			isa = PBXGroup;
			children = (
				FB49A5601F3059FD00048A06 /* BaseWireframe.swift */,
			);
			path = Base;
			sourceTree = "<group>";
		};
		FB49A5331F30487A00048A06 /* Modules */ = {
			isa = PBXGroup;
			children = (
				FB49A5341F30487A00048A06 /* Detail */,
				FB49A53E1F30487A00048A06 /* List */,
			);
			path = Modules;
			sourceTree = "<group>";
		};
		FB49A5341F30487A00048A06 /* Detail */ = {
			isa = PBXGroup;
			children = (
				FB49A53A1F30487A00048A06 /* User Interface */,
			);
			path = Detail;
			sourceTree = "<group>";
		};
		FB49A53A1F30487A00048A06 /* User Interface */ = {
			isa = PBXGroup;
			children = (
				FB49A53C1F30487A00048A06 /* View */,
				FB49A53D1F30487A00048A06 /* Wireframe */,
			);
			path = "User Interface";
			sourceTree = "<group>";
		};
		FB49A53C1F30487A00048A06 /* View */ = {
			isa = PBXGroup;
			children = (
				FB49A54C1F3048D700048A06 /* DetailViewController.swift */,
			);
			path = View;
			sourceTree = "<group>";
		};
		FB49A53D1F30487A00048A06 /* Wireframe */ = {
			isa = PBXGroup;
			children = (
				FB49A55E1F3059BA00048A06 /* DetailWireframe.swift */,
			);
			path = Wireframe;
			sourceTree = "<group>";
		};
		FB49A53E1F30487A00048A06 /* List */ = {
			isa = PBXGroup;
			children = (
				FB49A53F1F30487A00048A06 /* Application Logic */,
				FB49A5431F30487A00048A06 /* Module Interface */,
				FB49A5441F30487A00048A06 /* User Interface */,
			);
			path = List;
			sourceTree = "<group>";
		};
		FB49A53F1F30487A00048A06 /* Application Logic */ = {
			isa = PBXGroup;
			children = (
				FB49A5401F30487A00048A06 /* Interactor */,
				FB49A5411F30487A00048A06 /* Manager */,
				FB49A5421F30487A00048A06 /* Model */,
			);
			path = "Application Logic";
			sourceTree = "<group>";
		};
		FB49A5401F30487A00048A06 /* Interactor */ = {
			isa = PBXGroup;
			children = (
				FB49A5541F304D6300048A06 /* ListInteractorIOInterface.swift */,
				FB49A5561F304DB600048A06 /* ListInteractor.swift */,
			);
			path = Interactor;
			sourceTree = "<group>";
		};
		FB49A5411F30487A00048A06 /* Manager */ = {
			isa = PBXGroup;
			children = (
				FB49A5581F304DF500048A06 /* ListDataManager.swift */,
			);
			path = Manager;
			sourceTree = "<group>";
		};
		FB49A5421F30487A00048A06 /* Model */ = {
			isa = PBXGroup;
			children = (
				FB49A55A1F304E1900048A06 /* DataEntity.swift */,
			);
			path = Model;
			sourceTree = "<group>";
		};
		FB49A5431F30487A00048A06 /* Module Interface */ = {
			isa = PBXGroup;
			children = (
				FB49A5521F304D0200048A06 /* ListModuleInterface.swift */,
			);
			path = "Module Interface";
			sourceTree = "<group>";
		};
		FB49A5441F30487A00048A06 /* User Interface */ = {
			isa = PBXGroup;
			children = (
				FB49A5451F30487A00048A06 /* Presenter */,
				FB49A5461F30487A00048A06 /* View */,
				FB49A5471F30487A00048A06 /* Wireframe */,
			);
			path = "User Interface";
			sourceTree = "<group>";
		};
		FB49A5451F30487A00048A06 /* Presenter */ = {
			isa = PBXGroup;
			children = (
				FB49A54E1F304C7300048A06 /* ListPresenter.swift */,
			);
			path = Presenter;
			sourceTree = "<group>";
		};
		FB49A5461F30487A00048A06 /* View */ = {
			isa = PBXGroup;
			children = (
				FB49A54A1F3048C300048A06 /* ListTableViewController.swift */,
				FB49A5501F304C9100048A06 /* ListTableViewInterface.swift */,
				FB49A5671F30841400048A06 /* ListTableViewCell.swift */,
			);
			path = View;
			sourceTree = "<group>";
		};
		FB49A5471F30487A00048A06 /* Wireframe */ = {
			isa = PBXGroup;
			children = (
				FB49A55C1F3057E300048A06 /* ListWireframe.swift */,
			);
			path = Wireframe;
			sourceTree = "<group>";
		};
		FB49A5491F30488400048A06 /* Supporting Files */ = {
			isa = PBXGroup;
			children = (
				FB49A50B1F30457E00048A06 /* Info.plist */,
			);
			name = "Supporting Files";
			sourceTree = "<group>";
		};
		FB49A5641F3067BE00048A06 /* Extension */ = {
			isa = PBXGroup;
			children = (
				FB49A5651F3067E400048A06 /* String+CapitalizingFirstLetter.swift */,
			);
			path = Extension;
			sourceTree = "<group>";
		};
/* End PBXGroup section */

/* Begin PBXNativeTarget section */
		FB49A4FB1F30457E00048A06 /* Catch */ = {
			isa = PBXNativeTarget;
			buildConfigurationList = FB49A5241F30457E00048A06 /* Build configuration list for PBXNativeTarget "Catch" */;
			buildPhases = (
				F3718C95041E8E6FE0D54685 /* [CP] Check Pods Manifest.lock */,
				FB49A4F81F30457E00048A06 /* Sources */,
				FB49A4F91F30457E00048A06 /* Frameworks */,
				FB49A4FA1F30457E00048A06 /* Resources */,
				F6B2418A4EFAE0A834FB1418 /* [CP] Embed Pods Frameworks */,
				1EC352126A7868EE1F6091CE /* [CP] Copy Pods Resources */,
			);
			buildRules = (
			);
			dependencies = (
			);
			name = Catch;
			productName = Catch;
			productReference = FB49A4FC1F30457E00048A06 /* Catch.app */;
			productType = "com.apple.product-type.application";
		};
		FB49A50F1F30457E00048A06 /* CatchTests */ = {
			isa = PBXNativeTarget;
			buildConfigurationList = FB49A5271F30457E00048A06 /* Build configuration list for PBXNativeTarget "CatchTests" */;
			buildPhases = (
				FB49A50C1F30457E00048A06 /* Sources */,
				FB49A50D1F30457E00048A06 /* Frameworks */,
				FB49A50E1F30457E00048A06 /* Resources */,
			);
			buildRules = (
			);
			dependencies = (
				FB49A5121F30457E00048A06 /* PBXTargetDependency */,
			);
			name = CatchTests;
			productName = CatchTests;
			productReference = FB49A5101F30457E00048A06 /* CatchTests.xctest */;
			productType = "com.apple.product-type.bundle.unit-test";
		};
		FB49A51A1F30457E00048A06 /* CatchUITests */ = {
			isa = PBXNativeTarget;
			buildConfigurationList = FB49A52A1F30457E00048A06 /* Build configuration list for PBXNativeTarget "CatchUITests" */;
			buildPhases = (
				FB49A5171F30457E00048A06 /* Sources */,
				FB49A5181F30457E00048A06 /* Frameworks */,
				FB49A5191F30457E00048A06 /* Resources */,
			);
			buildRules = (
			);
			dependencies = (
				FB49A51D1F30457E00048A06 /* PBXTargetDependency */,
			);
			name = CatchUITests;
			productName = CatchUITests;
			productReference = FB49A51B1F30457E00048A06 /* CatchUITests.xctest */;
			productType = "com.apple.product-type.bundle.ui-testing";
		};
/* End PBXNativeTarget section */

/* Begin PBXProject section */
		FB49A4F41F30457E00048A06 /* Project object */ = {
			isa = PBXProject;
			attributes = {
				LastSwiftUpdateCheck = 0830;
				LastUpgradeCheck = 0830;
				ORGANIZATIONNAME = "Xiankun Cheng";
				TargetAttributes = {
					FB49A4FB1F30457E00048A06 = {
						CreatedOnToolsVersion = 8.3.3;
						ProvisioningStyle = Automatic;
					};
					FB49A50F1F30457E00048A06 = {
						CreatedOnToolsVersion = 8.3.3;
						ProvisioningStyle = Automatic;
						TestTargetID = FB49A4FB1F30457E00048A06;
					};
					FB49A51A1F30457E00048A06 = {
						CreatedOnToolsVersion = 8.3.3;
						ProvisioningStyle = Automatic;
						TestTargetID = FB49A4FB1F30457E00048A06;
					};
				};
			};
			buildConfigurationList = FB49A4F71F30457E00048A06 /* Build configuration list for PBXProject "Catch" */;
			compatibilityVersion = "Xcode 3.2";
			developmentRegion = English;
			hasScannedForEncodings = 0;
			knownRegions = (
				en,
				Base,
			);
			mainGroup = FB49A4F31F30457E00048A06;
			productRefGroup = FB49A4FD1F30457E00048A06 /* Products */;
			projectDirPath = "";
			projectRoot = "";
			targets = (
				FB49A4FB1F30457E00048A06 /* Catch */,
				FB49A50F1F30457E00048A06 /* CatchTests */,
				FB49A51A1F30457E00048A06 /* CatchUITests */,
			);
		};
/* End PBXProject section */

/* Begin PBXResourcesBuildPhase section */
		FB49A4FA1F30457E00048A06 /* Resources */ = {
			isa = PBXResourcesBuildPhase;
			buildActionMask = 2147483647;
			files = (
				FB49A50A1F30457E00048A06 /* LaunchScreen.storyboard in Resources */,
				FB49A5071F30457E00048A06 /* Assets.xcassets in Resources */,
				FB49A5051F30457E00048A06 /* Main.storyboard in Resources */,
			);
			runOnlyForDeploymentPostprocessing = 0;
		};
		FB49A50E1F30457E00048A06 /* Resources */ = {
			isa = PBXResourcesBuildPhase;
			buildActionMask = 2147483647;
			files = (
			);
			runOnlyForDeploymentPostprocessing = 0;
		};
		FB49A5191F30457E00048A06 /* Resources */ = {
			isa = PBXResourcesBuildPhase;
			buildActionMask = 2147483647;
			files = (
			);
			runOnlyForDeploymentPostprocessing = 0;
		};
/* End PBXResourcesBuildPhase section */

/* Begin PBXShellScriptBuildPhase section */
		1EC352126A7868EE1F6091CE /* [CP] Copy Pods Resources */ = {
			isa = PBXShellScriptBuildPhase;
			buildActionMask = 2147483647;
			files = (
			);
			inputPaths = (
			);
			name = "[CP] Copy Pods Resources";
			outputPaths = (
			);
			runOnlyForDeploymentPostprocessing = 0;
			shellPath = /bin/sh;
			shellScript = "\"${SRCROOT}/Pods/Target Support Files/Pods-Catch/Pods-Catch-resources.sh\"\n";
			showEnvVarsInLog = 0;
		};
		F3718C95041E8E6FE0D54685 /* [CP] Check Pods Manifest.lock */ = {
			isa = PBXShellScriptBuildPhase;
			buildActionMask = 2147483647;
			files = (
			);
			inputPaths = (
			);
			name = "[CP] Check Pods Manifest.lock";
			outputPaths = (
			);
			runOnlyForDeploymentPostprocessing = 0;
			shellPath = /bin/sh;
			shellScript = "diff \"${PODS_PODFILE_DIR_PATH}/Podfile.lock\" \"${PODS_ROOT}/Manifest.lock\" > /dev/null\nif [ $? != 0 ] ; then\n    # print error to STDERR\n    echo \"error: The sandbox is not in sync with the Podfile.lock. Run 'pod install' or update your CocoaPods installation.\" >&2\n    exit 1\nfi\n";
			showEnvVarsInLog = 0;
		};
		F6B2418A4EFAE0A834FB1418 /* [CP] Embed Pods Frameworks */ = {
			isa = PBXShellScriptBuildPhase;
			buildActionMask = 2147483647;
			files = (
			);
			inputPaths = (
			);
			name = "[CP] Embed Pods Frameworks";
			outputPaths = (
			);
			runOnlyForDeploymentPostprocessing = 0;
			shellPath = /bin/sh;
			shellScript = "\"${SRCROOT}/Pods/Target Support Files/Pods-Catch/Pods-Catch-frameworks.sh\"\n";
			showEnvVarsInLog = 0;
		};
/* End PBXShellScriptBuildPhase section */

/* Begin PBXSourcesBuildPhase section */
		FB49A4F81F30457E00048A06 /* Sources */ = {
			isa = PBXSourcesBuildPhase;
			buildActionMask = 2147483647;
			files = (
				FB49A5551F304D6300048A06 /* ListInteractorIOInterface.swift in Sources */,
				FB49A5681F30841400048A06 /* ListTableViewCell.swift in Sources */,
				FB49A5591F304DF500048A06 /* ListDataManager.swift in Sources */,
				FB49A5631F305C7D00048A06 /* AppDependencies.swift in Sources */,
				FB49A54D1F3048D700048A06 /* DetailViewController.swift in Sources */,
				FB49A5661F3067E400048A06 /* String+CapitalizingFirstLetter.swift in Sources */,
				FB49A5611F3059FD00048A06 /* BaseWireframe.swift in Sources */,
				FB49A5511F304C9100048A06 /* ListTableViewInterface.swift in Sources */,
				FB49A5481F30487A00048A06 /* AppDelegate.swift in Sources */,
				FB49A5531F304D0200048A06 /* ListModuleInterface.swift in Sources */,
				FB49A54F1F304C7300048A06 /* ListPresenter.swift in Sources */,
				FB49A5571F304DB600048A06 /* ListInteractor.swift in Sources */,
				FB49A55D1F3057E300048A06 /* ListWireframe.swift in Sources */,
				FB49A55F1F3059BA00048A06 /* DetailWireframe.swift in Sources */,
				FB49A55B1F304E1900048A06 /* DataEntity.swift in Sources */,
				FB49A54B1F3048C300048A06 /* ListTableViewController.swift in Sources */,
			);
			runOnlyForDeploymentPostprocessing = 0;
		};
		FB49A50C1F30457E00048A06 /* Sources */ = {
			isa = PBXSourcesBuildPhase;
			buildActionMask = 2147483647;
			files = (
				FB49A56A1F30904200048A06 /* CatchStringTests.swift in Sources */,
				FB49A5151F30457E00048A06 /* CatchFetchDataTests.swift in Sources */,
			);
			runOnlyForDeploymentPostprocessing = 0;
		};
		FB49A5171F30457E00048A06 /* Sources */ = {
			isa = PBXSourcesBuildPhase;
			buildActionMask = 2147483647;
			files = (
				FB49A5201F30457E00048A06 /* CatchUITests.swift in Sources */,
			);
			runOnlyForDeploymentPostprocessing = 0;
		};
/* End PBXSourcesBuildPhase section */

/* Begin PBXTargetDependency section */
		FB49A5121F30457E00048A06 /* PBXTargetDependency */ = {
			isa = PBXTargetDependency;
			target = FB49A4FB1F30457E00048A06 /* Catch */;
			targetProxy = FB49A5111F30457E00048A06 /* PBXContainerItemProxy */;
		};
		FB49A51D1F30457E00048A06 /* PBXTargetDependency */ = {
			isa = PBXTargetDependency;
			target = FB49A4FB1F30457E00048A06 /* Catch */;
			targetProxy = FB49A51C1F30457E00048A06 /* PBXContainerItemProxy */;
		};
/* End PBXTargetDependency section */

/* Begin PBXVariantGroup section */
		FB49A5031F30457E00048A06 /* Main.storyboard */ = {
			isa = PBXVariantGroup;
			children = (
				FB49A5041F30457E00048A06 /* Base */,
			);
			name = Main.storyboard;
			sourceTree = "<group>";
		};
		FB49A5081F30457E00048A06 /* LaunchScreen.storyboard */ = {
			isa = PBXVariantGroup;
			children = (
				FB49A5091F30457E00048A06 /* Base */,
			);
			name = LaunchScreen.storyboard;
			sourceTree = "<group>";
		};
/* End PBXVariantGroup section */

/* Begin XCBuildConfiguration section */
		FB49A5221F30457E00048A06 /* Debug */ = {
			isa = XCBuildConfiguration;
			buildSettings = {
				ALWAYS_SEARCH_USER_PATHS = NO;
				CLANG_ANALYZER_NONNULL = YES;
				CLANG_ANALYZER_NUMBER_OBJECT_CONVERSION = YES_AGGRESSIVE;
				CLANG_CXX_LANGUAGE_STANDARD = "gnu++0x";
				CLANG_CXX_LIBRARY = "libc++";
				CLANG_ENABLE_MODULES = YES;
				CLANG_ENABLE_OBJC_ARC = YES;
				CLANG_WARN_BOOL_CONVERSION = YES;
				CLANG_WARN_CONSTANT_CONVERSION = YES;
				CLANG_WARN_DIRECT_OBJC_ISA_USAGE = YES_ERROR;
				CLANG_WARN_DOCUMENTATION_COMMENTS = YES;
				CLANG_WARN_EMPTY_BODY = YES;
				CLANG_WARN_ENUM_CONVERSION = YES;
				CLANG_WARN_INFINITE_RECURSION = YES;
				CLANG_WARN_INT_CONVERSION = YES;
				CLANG_WARN_OBJC_ROOT_CLASS = YES_ERROR;
				CLANG_WARN_SUSPICIOUS_MOVE = YES;
				CLANG_WARN_UNREACHABLE_CODE = YES;
				CLANG_WARN__DUPLICATE_METHOD_MATCH = YES;
				"CODE_SIGN_IDENTITY[sdk=iphoneos*]" = "iPhone Developer";
				COPY_PHASE_STRIP = NO;
				DEBUG_INFORMATION_FORMAT = dwarf;
				ENABLE_STRICT_OBJC_MSGSEND = YES;
				ENABLE_TESTABILITY = YES;
				GCC_C_LANGUAGE_STANDARD = gnu99;
				GCC_DYNAMIC_NO_PIC = NO;
				GCC_NO_COMMON_BLOCKS = YES;
				GCC_OPTIMIZATION_LEVEL = 0;
				GCC_PREPROCESSOR_DEFINITIONS = (
					"DEBUG=1",
					"$(inherited)",
				);
				GCC_WARN_64_TO_32_BIT_CONVERSION = YES;
				GCC_WARN_ABOUT_RETURN_TYPE = YES_ERROR;
				GCC_WARN_UNDECLARED_SELECTOR = YES;
				GCC_WARN_UNINITIALIZED_AUTOS = YES_AGGRESSIVE;
				GCC_WARN_UNUSED_FUNCTION = YES;
				GCC_WARN_UNUSED_VARIABLE = YES;
				IPHONEOS_DEPLOYMENT_TARGET = 10.3;
				MTL_ENABLE_DEBUG_INFO = YES;
				ONLY_ACTIVE_ARCH = YES;
				SDKROOT = iphoneos;
				SWIFT_ACTIVE_COMPILATION_CONDITIONS = DEBUG;
				SWIFT_OPTIMIZATION_LEVEL = "-Onone";
			};
			name = Debug;
		};
		FB49A5231F30457E00048A06 /* Release */ = {
			isa = XCBuildConfiguration;
			buildSettings = {
				ALWAYS_SEARCH_USER_PATHS = NO;
				CLANG_ANALYZER_NONNULL = YES;
				CLANG_ANALYZER_NUMBER_OBJECT_CONVERSION = YES_AGGRESSIVE;
				CLANG_CXX_LANGUAGE_STANDARD = "gnu++0x";
				CLANG_CXX_LIBRARY = "libc++";
				CLANG_ENABLE_MODULES = YES;
				CLANG_ENABLE_OBJC_ARC = YES;
				CLANG_WARN_BOOL_CONVERSION = YES;
				CLANG_WARN_CONSTANT_CONVERSION = YES;
				CLANG_WARN_DIRECT_OBJC_ISA_USAGE = YES_ERROR;
				CLANG_WARN_DOCUMENTATION_COMMENTS = YES;
				CLANG_WARN_EMPTY_BODY = YES;
				CLANG_WARN_ENUM_CONVERSION = YES;
				CLANG_WARN_INFINITE_RECURSION = YES;
				CLANG_WARN_INT_CONVERSION = YES;
				CLANG_WARN_OBJC_ROOT_CLASS = YES_ERROR;
				CLANG_WARN_SUSPICIOUS_MOVE = YES;
				CLANG_WARN_UNREACHABLE_CODE = YES;
				CLANG_WARN__DUPLICATE_METHOD_MATCH = YES;
				"CODE_SIGN_IDENTITY[sdk=iphoneos*]" = "iPhone Developer";
				COPY_PHASE_STRIP = NO;
				DEBUG_INFORMATION_FORMAT = "dwarf-with-dsym";
				ENABLE_NS_ASSERTIONS = NO;
				ENABLE_STRICT_OBJC_MSGSEND = YES;
				GCC_C_LANGUAGE_STANDARD = gnu99;
				GCC_NO_COMMON_BLOCKS = YES;
				GCC_WARN_64_TO_32_BIT_CONVERSION = YES;
				GCC_WARN_ABOUT_RETURN_TYPE = YES_ERROR;
				GCC_WARN_UNDECLARED_SELECTOR = YES;
				GCC_WARN_UNINITIALIZED_AUTOS = YES_AGGRESSIVE;
				GCC_WARN_UNUSED_FUNCTION = YES;
				GCC_WARN_UNUSED_VARIABLE = YES;
				IPHONEOS_DEPLOYMENT_TARGET = 10.3;
				MTL_ENABLE_DEBUG_INFO = NO;
				SDKROOT = iphoneos;
				SWIFT_OPTIMIZATION_LEVEL = "-Owholemodule";
				VALIDATE_PRODUCT = YES;
			};
			name = Release;
		};
		FB49A5251F30457E00048A06 /* Debug */ = {
			isa = XCBuildConfiguration;
			baseConfigurationReference = B67AA87CB23E2F43AADFFA6F /* Pods-Catch.debug.xcconfig */;
			buildSettings = {
				ASSETCATALOG_COMPILER_APPICON_NAME = AppIcon;
				INFOPLIST_FILE = Catch/Info.plist;
				LD_RUNPATH_SEARCH_PATHS = "$(inherited) @executable_path/Frameworks";
				PRODUCT_BUNDLE_IDENTIFIER = com.catch.Catch;
				PRODUCT_NAME = "$(TARGET_NAME)";
				SWIFT_VERSION = 3.0;
			};
			name = Debug;
		};
		FB49A5261F30457E00048A06 /* Release */ = {
			isa = XCBuildConfiguration;
			baseConfigurationReference = 26930C8ECFAEF702DAF9B4B0 /* Pods-Catch.release.xcconfig */;
			buildSettings = {
				ASSETCATALOG_COMPILER_APPICON_NAME = AppIcon;
				INFOPLIST_FILE = Catch/Info.plist;
				LD_RUNPATH_SEARCH_PATHS = "$(inherited) @executable_path/Frameworks";
				PRODUCT_BUNDLE_IDENTIFIER = com.catch.Catch;
				PRODUCT_NAME = "$(TARGET_NAME)";
				SWIFT_VERSION = 3.0;
			};
			name = Release;
		};
		FB49A5281F30457E00048A06 /* Debug */ = {
			isa = XCBuildConfiguration;
			buildSettings = {
				ALWAYS_EMBED_SWIFT_STANDARD_LIBRARIES = YES;
				BUNDLE_LOADER = "$(TEST_HOST)";
				INFOPLIST_FILE = CatchTests/Info.plist;
				LD_RUNPATH_SEARCH_PATHS = "$(inherited) @executable_path/Frameworks @loader_path/Frameworks";
				PRODUCT_BUNDLE_IDENTIFIER = com.catch.CatchTests;
				PRODUCT_NAME = "$(TARGET_NAME)";
				SWIFT_VERSION = 3.0;
				TEST_HOST = "$(BUILT_PRODUCTS_DIR)/Catch.app/Catch";
			};
			name = Debug;
		};
		FB49A5291F30457E00048A06 /* Release */ = {
			isa = XCBuildConfiguration;
			buildSettings = {
				ALWAYS_EMBED_SWIFT_STANDARD_LIBRARIES = YES;
				BUNDLE_LOADER = "$(TEST_HOST)";
				INFOPLIST_FILE = CatchTests/Info.plist;
				LD_RUNPATH_SEARCH_PATHS = "$(inherited) @executable_path/Frameworks @loader_path/Frameworks";
				PRODUCT_BUNDLE_IDENTIFIER = com.catch.CatchTests;
				PRODUCT_NAME = "$(TARGET_NAME)";
				SWIFT_VERSION = 3.0;
				TEST_HOST = "$(BUILT_PRODUCTS_DIR)/Catch.app/Catch";
			};
			name = Release;
		};
		FB49A52B1F30457E00048A06 /* Debug */ = {
			isa = XCBuildConfiguration;
			buildSettings = {
				ALWAYS_EMBED_SWIFT_STANDARD_LIBRARIES = YES;
				INFOPLIST_FILE = CatchUITests/Info.plist;
				LD_RUNPATH_SEARCH_PATHS = "$(inherited) @executable_path/Frameworks @loader_path/Frameworks";
				PRODUCT_BUNDLE_IDENTIFIER = com.catch.CatchUITests;
				PRODUCT_NAME = "$(TARGET_NAME)";
				SWIFT_VERSION = 3.0;
				TEST_TARGET_NAME = Catch;
			};
			name = Debug;
		};
		FB49A52C1F30457E00048A06 /* Release */ = {
			isa = XCBuildConfiguration;
			buildSettings = {
				ALWAYS_EMBED_SWIFT_STANDARD_LIBRARIES = YES;
				INFOPLIST_FILE = CatchUITests/Info.plist;
				LD_RUNPATH_SEARCH_PATHS = "$(inherited) @executable_path/Frameworks @loader_path/Frameworks";
				PRODUCT_BUNDLE_IDENTIFIER = com.catch.CatchUITests;
				PRODUCT_NAME = "$(TARGET_NAME)";
				SWIFT_VERSION = 3.0;
				TEST_TARGET_NAME = Catch;
			};
			name = Release;
		};
/* End XCBuildConfiguration section */

/* Begin XCConfigurationList section */
		FB49A4F71F30457E00048A06 /* Build configuration list for PBXProject "Catch" */ = {
			isa = XCConfigurationList;
			buildConfigurations = (
				FB49A5221F30457E00048A06 /* Debug */,
				FB49A5231F30457E00048A06 /* Release */,
			);
			defaultConfigurationIsVisible = 0;
			defaultConfigurationName = Release;
		};
		FB49A5241F30457E00048A06 /* Build configuration list for PBXNativeTarget "Catch" */ = {
			isa = XCConfigurationList;
			buildConfigurations = (
				FB49A5251F30457E00048A06 /* Debug */,
				FB49A5261F30457E00048A06 /* Release */,
			);
			defaultConfigurationIsVisible = 0;
			defaultConfigurationName = Release;
		};
		FB49A5271F30457E00048A06 /* Build configuration list for PBXNativeTarget "CatchTests" */ = {
			isa = XCConfigurationList;
			buildConfigurations = (
				FB49A5281F30457E00048A06 /* Debug */,
				FB49A5291F30457E00048A06 /* Release */,
			);
			defaultConfigurationIsVisible = 0;
			defaultConfigurationName = Release;
		};
		FB49A52A1F30457E00048A06 /* Build configuration list for PBXNativeTarget "CatchUITests" */ = {
			isa = XCConfigurationList;
			buildConfigurations = (
				FB49A52B1F30457E00048A06 /* Debug */,
				FB49A52C1F30457E00048A06 /* Release */,
			);
			defaultConfigurationIsVisible = 0;
			defaultConfigurationName = Release;
		};
/* End XCConfigurationList section */
	};
	rootObject = FB49A4F41F30457E00048A06 /* Project object */;
}
