// !$*UTF8*$!
{
	archiveVersion = 1;
	classes = {
	};
	objectVersion = 50;
	objects = {

/* Begin PBXBuildFile section */
		2CA3663620DF48490053D42A /* AppDelegate.swift in Sources */ = {isa = PBXBuildFile; fileRef = 2CA3663520DF48490053D42A /* AppDelegate.swift */; };
		2CA3663820DF48490053D42A /* ListViewController.swift in Sources */ = {isa = PBXBuildFile; fileRef = 2CA3663720DF48490053D42A /* ListViewController.swift */; };
		2CA3663B20DF48490053D42A /* Main.storyboard in Resources */ = {isa = PBXBuildFile; fileRef = 2CA3663920DF48490053D42A /* Main.storyboard */; };
		2CA3663D20DF484A0053D42A /* Assets.xcassets in Resources */ = {isa = PBXBuildFile; fileRef = 2CA3663C20DF484A0053D42A /* Assets.xcassets */; };
		2CA3664020DF484A0053D42A /* LaunchScreen.storyboard in Resources */ = {isa = PBXBuildFile; fileRef = 2CA3663E20DF484A0053D42A /* LaunchScreen.storyboard */; };
		2CA3664B20DF484A0053D42A /* CatchTests.swift in Sources */ = {isa = PBXBuildFile; fileRef = 2CA3664A20DF484A0053D42A /* CatchTests.swift */; };
		2CA3665B20DF4BF70053D42A /* ApiService.swift in Sources */ = {isa = PBXBuildFile; fileRef = 2CA3665A20DF4BF70053D42A /* ApiService.swift */; };
		2CA3665D20DF4C1D0053D42A /* EndPoints.swift in Sources */ = {isa = PBXBuildFile; fileRef = 2CA3665C20DF4C1D0053D42A /* EndPoints.swift */; };
		2CA3665F20DF4C370053D42A /* ListDataCell.swift in Sources */ = {isa = PBXBuildFile; fileRef = 2CA3665E20DF4C370053D42A /* ListDataCell.swift */; };
		2CA3666120DF4C6C0053D42A /* DetailViewController.swift in Sources */ = {isa = PBXBuildFile; fileRef = 2CA3666020DF4C6C0053D42A /* DetailViewController.swift */; };
		2CA3666320DF4C8C0053D42A /* ListItem.swift in Sources */ = {isa = PBXBuildFile; fileRef = 2CA3666220DF4C8C0053D42A /* ListItem.swift */; };
		2CA3666520DF4CA50053D42A /* JSONParser.swift in Sources */ = {isa = PBXBuildFile; fileRef = 2CA3666420DF4CA50053D42A /* JSONParser.swift */; };
		2CA3666720DF4CC20053D42A /* AlertController.swift in Sources */ = {isa = PBXBuildFile; fileRef = 2CA3666620DF4CC20053D42A /* AlertController.swift */; };
		2CA3666920DF4CD10053D42A /* Result.swift in Sources */ = {isa = PBXBuildFile; fileRef = 2CA3666820DF4CD10053D42A /* Result.swift */; };
		2CA3666C20DF596B0053D42A /* catch-test-list.json in Resources */ = {isa = PBXBuildFile; fileRef = 2CA3666B20DF596A0053D42A /* catch-test-list.json */; };
		2CCE8A1320DFA93A0091E2B9 /* RefreshView.xib in Resources */ = {isa = PBXBuildFile; fileRef = 2CCE8A1220DFA93A0091E2B9 /* RefreshView.xib */; };
		3B25B1134CC7BDA4A3056F2C /* Pods_Catch.framework in Frameworks */ = {isa = PBXBuildFile; fileRef = B5AB4CAE4C16BE7C5268E966 /* Pods_Catch.framework */; };
		D3CAE9CD2B0FB28B0C1D8807 /* Pods_CatchTests.framework in Frameworks */ = {isa = PBXBuildFile; fileRef = 7A1502695691672595006661 /* Pods_CatchTests.framework */; };
/* End PBXBuildFile section */

/* Begin PBXContainerItemProxy section */
		2CA3664720DF484A0053D42A /* PBXContainerItemProxy */ = {
			isa = PBXContainerItemProxy;
			containerPortal = 2CA3662A20DF48490053D42A /* Project object */;
			proxyType = 1;
			remoteGlobalIDString = 2CA3663120DF48490053D42A;
			remoteInfo = Catch;
		};
/* End PBXContainerItemProxy section */

/* Begin PBXFileReference section */
		1F4B42D45560E716890BF8FD /* Pods-CatchTests.release.xcconfig */ = {isa = PBXFileReference; includeInIndex = 1; lastKnownFileType = text.xcconfig; name = "Pods-CatchTests.release.xcconfig"; path = "Pods/Target Support Files/Pods-CatchTests/Pods-CatchTests.release.xcconfig"; sourceTree = "<group>"; };
		2CA3663220DF48490053D42A /* Catch.app */ = {isa = PBXFileReference; explicitFileType = wrapper.application; includeInIndex = 0; path = Catch.app; sourceTree = BUILT_PRODUCTS_DIR; };
		2CA3663520DF48490053D42A /* AppDelegate.swift */ = {isa = PBXFileReference; lastKnownFileType = sourcecode.swift; path = AppDelegate.swift; sourceTree = "<group>"; };
		2CA3663720DF48490053D42A /* ListViewController.swift */ = {isa = PBXFileReference; lastKnownFileType = sourcecode.swift; path = ListViewController.swift; sourceTree = "<group>"; };
		2CA3663A20DF48490053D42A /* Base */ = {isa = PBXFileReference; lastKnownFileType = file.storyboard; name = Base; path = Base.lproj/Main.storyboard; sourceTree = "<group>"; };
		2CA3663C20DF484A0053D42A /* Assets.xcassets */ = {isa = PBXFileReference; lastKnownFileType = folder.assetcatalog; path = Assets.xcassets; sourceTree = "<group>"; };
		2CA3663F20DF484A0053D42A /* Base */ = {isa = PBXFileReference; lastKnownFileType = file.storyboard; name = Base; path = Base.lproj/LaunchScreen.storyboard; sourceTree = "<group>"; };
		2CA3664120DF484A0053D42A /* Info.plist */ = {isa = PBXFileReference; lastKnownFileType = text.plist.xml; path = Info.plist; sourceTree = "<group>"; };
		2CA3664620DF484A0053D42A /* CatchTests.xctest */ = {isa = PBXFileReference; explicitFileType = wrapper.cfbundle; includeInIndex = 0; path = CatchTests.xctest; sourceTree = BUILT_PRODUCTS_DIR; };
		2CA3664A20DF484A0053D42A /* CatchTests.swift */ = {isa = PBXFileReference; lastKnownFileType = sourcecode.swift; path = CatchTests.swift; sourceTree = "<group>"; };
		2CA3664C20DF484A0053D42A /* Info.plist */ = {isa = PBXFileReference; lastKnownFileType = text.plist.xml; path = Info.plist; sourceTree = "<group>"; };
		2CA3665A20DF4BF70053D42A /* ApiService.swift */ = {isa = PBXFileReference; lastKnownFileType = sourcecode.swift; path = ApiService.swift; sourceTree = "<group>"; };
		2CA3665C20DF4C1D0053D42A /* EndPoints.swift */ = {isa = PBXFileReference; lastKnownFileType = sourcecode.swift; path = EndPoints.swift; sourceTree = "<group>"; };
		2CA3665E20DF4C370053D42A /* ListDataCell.swift */ = {isa = PBXFileReference; lastKnownFileType = sourcecode.swift; path = ListDataCell.swift; sourceTree = "<group>"; };
		2CA3666020DF4C6C0053D42A /* DetailViewController.swift */ = {isa = PBXFileReference; lastKnownFileType = sourcecode.swift; path = DetailViewController.swift; sourceTree = "<group>"; };
		2CA3666220DF4C8C0053D42A /* ListItem.swift */ = {isa = PBXFileReference; lastKnownFileType = sourcecode.swift; path = ListItem.swift; sourceTree = "<group>"; };
		2CA3666420DF4CA50053D42A /* JSONParser.swift */ = {isa = PBXFileReference; lastKnownFileType = sourcecode.swift; path = JSONParser.swift; sourceTree = "<group>"; };
		2CA3666620DF4CC20053D42A /* AlertController.swift */ = {isa = PBXFileReference; lastKnownFileType = sourcecode.swift; path = AlertController.swift; sourceTree = "<group>"; };
		2CA3666820DF4CD10053D42A /* Result.swift */ = {isa = PBXFileReference; lastKnownFileType = sourcecode.swift; path = Result.swift; sourceTree = "<group>"; };
		2CA3666B20DF596A0053D42A /* catch-test-list.json */ = {isa = PBXFileReference; fileEncoding = 4; lastKnownFileType = text.json; path = "catch-test-list.json"; sourceTree = "<group>"; };
		2CCE8A1220DFA93A0091E2B9 /* RefreshView.xib */ = {isa = PBXFileReference; lastKnownFileType = file.xib; path = RefreshView.xib; sourceTree = "<group>"; };
		7A1502695691672595006661 /* Pods_CatchTests.framework */ = {isa = PBXFileReference; explicitFileType = wrapper.framework; includeInIndex = 0; path = Pods_CatchTests.framework; sourceTree = BUILT_PRODUCTS_DIR; };
		7AD325C4FDDF7ABF32BCACFF /* Pods-Catch.release.xcconfig */ = {isa = PBXFileReference; includeInIndex = 1; lastKnownFileType = text.xcconfig; name = "Pods-Catch.release.xcconfig"; path = "Pods/Target Support Files/Pods-Catch/Pods-Catch.release.xcconfig"; sourceTree = "<group>"; };
		B5AB4CAE4C16BE7C5268E966 /* Pods_Catch.framework */ = {isa = PBXFileReference; explicitFileType = wrapper.framework; includeInIndex = 0; path = Pods_Catch.framework; sourceTree = BUILT_PRODUCTS_DIR; };
		C9C6F6B0E4FFFC9356D137A1 /* Pods-CatchTests.debug.xcconfig */ = {isa = PBXFileReference; includeInIndex = 1; lastKnownFileType = text.xcconfig; name = "Pods-CatchTests.debug.xcconfig"; path = "Pods/Target Support Files/Pods-CatchTests/Pods-CatchTests.debug.xcconfig"; sourceTree = "<group>"; };
		DD5192CF6D1A9D27D9222C76 /* Pods-Catch.debug.xcconfig */ = {isa = PBXFileReference; includeInIndex = 1; lastKnownFileType = text.xcconfig; name = "Pods-Catch.debug.xcconfig"; path = "Pods/Target Support Files/Pods-Catch/Pods-Catch.debug.xcconfig"; sourceTree = "<group>"; };
/* End PBXFileReference section */

/* Begin PBXFrameworksBuildPhase section */
		2CA3662F20DF48490053D42A /* Frameworks */ = {
			isa = PBXFrameworksBuildPhase;
			buildActionMask = 2147483647;
			files = (
				3B25B1134CC7BDA4A3056F2C /* Pods_Catch.framework in Frameworks */,
			);
			runOnlyForDeploymentPostprocessing = 0;
		};
		2CA3664320DF484A0053D42A /* Frameworks */ = {
			isa = PBXFrameworksBuildPhase;
			buildActionMask = 2147483647;
			files = (
				D3CAE9CD2B0FB28B0C1D8807 /* Pods_CatchTests.framework in Frameworks */,
			);
			runOnlyForDeploymentPostprocessing = 0;
		};
/* End PBXFrameworksBuildPhase section */

/* Begin PBXGroup section */
		10EBD5F11500E246577F33FB /* Frameworks */ = {
			isa = PBXGroup;
			children = (
				B5AB4CAE4C16BE7C5268E966 /* Pods_Catch.framework */,
				7A1502695691672595006661 /* Pods_CatchTests.framework */,
			);
			name = Frameworks;
			sourceTree = "<group>";
		};
		2CA3662920DF48490053D42A = {
			isa = PBXGroup;
			children = (
				2CA3663420DF48490053D42A /* Catch */,
				2CA3664920DF484A0053D42A /* CatchTests */,
				2CA3663320DF48490053D42A /* Products */,
				308494123A66163CE9C8FC3F /* Pods */,
				10EBD5F11500E246577F33FB /* Frameworks */,
			);
			sourceTree = "<group>";
		};
		2CA3663320DF48490053D42A /* Products */ = {
			isa = PBXGroup;
			children = (
				2CA3663220DF48490053D42A /* Catch.app */,
				2CA3664620DF484A0053D42A /* CatchTests.xctest */,
			);
			name = Products;
			sourceTree = "<group>";
		};
		2CA3663420DF48490053D42A /* Catch */ = {
			isa = PBXGroup;
			children = (
				2CA3665920DF4BDD0053D42A /* Network */,
				2CA3665820DF4BD20053D42A /* Views */,
				2CA3665720DF4BC80053D42A /* Controllers */,
				2CA3665620DF4BBF0053D42A /* Models */,
				2CA3665520DF4BAF0053D42A /* Helpers */,
				2CA3663520DF48490053D42A /* AppDelegate.swift */,
				2CA3663920DF48490053D42A /* Main.storyboard */,
				2CA3663C20DF484A0053D42A /* Assets.xcassets */,
				2CA3663E20DF484A0053D42A /* LaunchScreen.storyboard */,
				2CA3664120DF484A0053D42A /* Info.plist */,
			);
			path = Catch;
			sourceTree = "<group>";
		};
		2CA3664920DF484A0053D42A /* CatchTests */ = {
			isa = PBXGroup;
			children = (
				2CA3666A20DF58D40053D42A /* fixture */,
				2CA3664A20DF484A0053D42A /* CatchTests.swift */,
				2CA3664C20DF484A0053D42A /* Info.plist */,
			);
			path = CatchTests;
			sourceTree = "<group>";
		};
		2CA3665520DF4BAF0053D42A /* Helpers */ = {
			isa = PBXGroup;
			children = (
				2CA3666420DF4CA50053D42A /* JSONParser.swift */,
				2CA3666620DF4CC20053D42A /* AlertController.swift */,
				2CA3666820DF4CD10053D42A /* Result.swift */,
			);
			path = Helpers;
			sourceTree = "<group>";
		};
		2CA3665620DF4BBF0053D42A /* Models */ = {
			isa = PBXGroup;
			children = (
				2CA3666220DF4C8C0053D42A /* ListItem.swift */,
			);
			path = Models;
			sourceTree = "<group>";
		};
		2CA3665720DF4BC80053D42A /* Controllers */ = {
			isa = PBXGroup;
			children = (
				2CA3666020DF4C6C0053D42A /* DetailViewController.swift */,
				2CA3663720DF48490053D42A /* ListViewController.swift */,
			);
			path = Controllers;
			sourceTree = "<group>";
		};
		2CA3665820DF4BD20053D42A /* Views */ = {
			isa = PBXGroup;
			children = (
				2CA3665E20DF4C370053D42A /* ListDataCell.swift */,
				2CCE8A1220DFA93A0091E2B9 /* RefreshView.xib */,
			);
			path = Views;
			sourceTree = "<group>";
		};
		2CA3665920DF4BDD0053D42A /* Network */ = {
			isa = PBXGroup;
			children = (
				2CA3665A20DF4BF70053D42A /* ApiService.swift */,
				2CA3665C20DF4C1D0053D42A /* EndPoints.swift */,
			);
			path = Network;
			sourceTree = "<group>";
		};
		2CA3666A20DF58D40053D42A /* fixture */ = {
			isa = PBXGroup;
			children = (
				2CA3666B20DF596A0053D42A /* catch-test-list.json */,
			);
			path = fixture;
			sourceTree = "<group>";
		};
		308494123A66163CE9C8FC3F /* Pods */ = {
			isa = PBXGroup;
			children = (
				DD5192CF6D1A9D27D9222C76 /* Pods-Catch.debug.xcconfig */,
				7AD325C4FDDF7ABF32BCACFF /* Pods-Catch.release.xcconfig */,
				C9C6F6B0E4FFFC9356D137A1 /* Pods-CatchTests.debug.xcconfig */,
				1F4B42D45560E716890BF8FD /* Pods-CatchTests.release.xcconfig */,
			);
			name = Pods;
			sourceTree = "<group>";
		};
/* End PBXGroup section */

/* Begin PBXNativeTarget section */
		2CA3663120DF48490053D42A /* Catch */ = {
			isa = PBXNativeTarget;
			buildConfigurationList = 2CA3664F20DF484A0053D42A /* Build configuration list for PBXNativeTarget "Catch" */;
			buildPhases = (
				2142CBED5671B048F740AFDB /* [CP] Check Pods Manifest.lock */,
				2CA3662E20DF48490053D42A /* Sources */,
				2CA3662F20DF48490053D42A /* Frameworks */,
				2CA3663020DF48490053D42A /* Resources */,
				861333533859D97F91A61C24 /* [CP] Embed Pods Frameworks */,
				E88B8191CF1446EA7EF370B9 /* [CP] Copy Pods Resources */,
			);
			buildRules = (
			);
			dependencies = (
			);
			name = Catch;
			productName = Catch;
			productReference = 2CA3663220DF48490053D42A /* Catch.app */;
			productType = "com.apple.product-type.application";
		};
		2CA3664520DF484A0053D42A /* CatchTests */ = {
			isa = PBXNativeTarget;
			buildConfigurationList = 2CA3665220DF484A0053D42A /* Build configuration list for PBXNativeTarget "CatchTests" */;
			buildPhases = (
				7F9FFA97979FB54231360C6D /* [CP] Check Pods Manifest.lock */,
				2CA3664220DF484A0053D42A /* Sources */,
				2CA3664320DF484A0053D42A /* Frameworks */,
				2CA3664420DF484A0053D42A /* Resources */,
				5DF72BFFBF852A94E6D75198 /* [CP] Embed Pods Frameworks */,
				A15D983AB5D6F7E8632976B2 /* [CP] Copy Pods Resources */,
			);
			buildRules = (
			);
			dependencies = (
				2CA3664820DF484A0053D42A /* PBXTargetDependency */,
			);
			name = CatchTests;
			productName = CatchTests;
			productReference = 2CA3664620DF484A0053D42A /* CatchTests.xctest */;
			productType = "com.apple.product-type.bundle.unit-test";
		};
/* End PBXNativeTarget section */

/* Begin PBXProject section */
		2CA3662A20DF48490053D42A /* Project object */ = {
			isa = PBXProject;
			attributes = {
				LastSwiftUpdateCheck = 0930;
				LastUpgradeCheck = 0930;
				ORGANIZATIONNAME = NandikaWeerasuriya;
				TargetAttributes = {
					2CA3663120DF48490053D42A = {
						CreatedOnToolsVersion = 9.3;
					};
					2CA3664520DF484A0053D42A = {
						CreatedOnToolsVersion = 9.3;
						TestTargetID = 2CA3663120DF48490053D42A;
					};
				};
			};
			buildConfigurationList = 2CA3662D20DF48490053D42A /* Build configuration list for PBXProject "Catch" */;
			compatibilityVersion = "Xcode 9.3";
			developmentRegion = en;
			hasScannedForEncodings = 0;
			knownRegions = (
				en,
				Base,
			);
			mainGroup = 2CA3662920DF48490053D42A;
			productRefGroup = 2CA3663320DF48490053D42A /* Products */;
			projectDirPath = "";
			projectRoot = "";
			targets = (
				2CA3663120DF48490053D42A /* Catch */,
				2CA3664520DF484A0053D42A /* CatchTests */,
			);
		};
/* End PBXProject section */

/* Begin PBXResourcesBuildPhase section */
		2CA3663020DF48490053D42A /* Resources */ = {
			isa = PBXResourcesBuildPhase;
			buildActionMask = 2147483647;
			files = (
				2CA3664020DF484A0053D42A /* LaunchScreen.storyboard in Resources */,
				2CA3663D20DF484A0053D42A /* Assets.xcassets in Resources */,
				2CCE8A1320DFA93A0091E2B9 /* RefreshView.xib in Resources */,
				2CA3663B20DF48490053D42A /* Main.storyboard in Resources */,
			);
			runOnlyForDeploymentPostprocessing = 0;
		};
		2CA3664420DF484A0053D42A /* Resources */ = {
			isa = PBXResourcesBuildPhase;
			buildActionMask = 2147483647;
			files = (
				2CA3666C20DF596B0053D42A /* catch-test-list.json in Resources */,
			);
			runOnlyForDeploymentPostprocessing = 0;
		};
/* End PBXResourcesBuildPhase section */

/* Begin PBXShellScriptBuildPhase section */
		2142CBED5671B048F740AFDB /* [CP] Check Pods Manifest.lock */ = {
			isa = PBXShellScriptBuildPhase;
			buildActionMask = 2147483647;
			files = (
			);
			inputPaths = (
				"${PODS_PODFILE_DIR_PATH}/Podfile.lock",
				"${PODS_ROOT}/Manifest.lock",
			);
			name = "[CP] Check Pods Manifest.lock";
			outputPaths = (
				"$(DERIVED_FILE_DIR)/Pods-Catch-checkManifestLockResult.txt",
			);
			runOnlyForDeploymentPostprocessing = 0;
			shellPath = /bin/sh;
			shellScript = "diff \"${PODS_PODFILE_DIR_PATH}/Podfile.lock\" \"${PODS_ROOT}/Manifest.lock\" > /dev/null\nif [ $? != 0 ] ; then\n    # print error to STDERR\n    echo \"error: The sandbox is not in sync with the Podfile.lock. Run 'pod install' or update your CocoaPods installation.\" >&2\n    exit 1\nfi\n# This output is used by Xcode 'outputs' to avoid re-running this script phase.\necho \"SUCCESS\" > \"${SCRIPT_OUTPUT_FILE_0}\"\n";
			showEnvVarsInLog = 0;
		};
		5DF72BFFBF852A94E6D75198 /* [CP] Embed Pods Frameworks */ = {
			isa = PBXShellScriptBuildPhase;
			buildActionMask = 2147483647;
			files = (
			);
			inputPaths = (
				"${SRCROOT}/Pods/Target Support Files/Pods-CatchTests/Pods-CatchTests-frameworks.sh",
				"${BUILT_PRODUCTS_DIR}/Mockingjay/Mockingjay.framework",
				"${BUILT_PRODUCTS_DIR}/Nimble/Nimble.framework",
				"${BUILT_PRODUCTS_DIR}/Quick/Quick.framework",
				"${BUILT_PRODUCTS_DIR}/URITemplate/URITemplate.framework",
			);
			name = "[CP] Embed Pods Frameworks";
			outputPaths = (
				"${TARGET_BUILD_DIR}/${FRAMEWORKS_FOLDER_PATH}/Mockingjay.framework",
				"${TARGET_BUILD_DIR}/${FRAMEWORKS_FOLDER_PATH}/Nimble.framework",
				"${TARGET_BUILD_DIR}/${FRAMEWORKS_FOLDER_PATH}/Quick.framework",
				"${TARGET_BUILD_DIR}/${FRAMEWORKS_FOLDER_PATH}/URITemplate.framework",
			);
			runOnlyForDeploymentPostprocessing = 0;
			shellPath = /bin/sh;
			shellScript = "\"${SRCROOT}/Pods/Target Support Files/Pods-CatchTests/Pods-CatchTests-frameworks.sh\"\n";
			showEnvVarsInLog = 0;
		};
		7F9FFA97979FB54231360C6D /* [CP] Check Pods Manifest.lock */ = {
			isa = PBXShellScriptBuildPhase;
			buildActionMask = 2147483647;
			files = (
			);
			inputPaths = (
				"${PODS_PODFILE_DIR_PATH}/Podfile.lock",
				"${PODS_ROOT}/Manifest.lock",
			);
			name = "[CP] Check Pods Manifest.lock";
			outputPaths = (
				"$(DERIVED_FILE_DIR)/Pods-CatchTests-checkManifestLockResult.txt",
			);
			runOnlyForDeploymentPostprocessing = 0;
			shellPath = /bin/sh;
			shellScript = "diff \"${PODS_PODFILE_DIR_PATH}/Podfile.lock\" \"${PODS_ROOT}/Manifest.lock\" > /dev/null\nif [ $? != 0 ] ; then\n    # print error to STDERR\n    echo \"error: The sandbox is not in sync with the Podfile.lock. Run 'pod install' or update your CocoaPods installation.\" >&2\n    exit 1\nfi\n# This output is used by Xcode 'outputs' to avoid re-running this script phase.\necho \"SUCCESS\" > \"${SCRIPT_OUTPUT_FILE_0}\"\n";
			showEnvVarsInLog = 0;
		};
		861333533859D97F91A61C24 /* [CP] Embed Pods Frameworks */ = {
			isa = PBXShellScriptBuildPhase;
			buildActionMask = 2147483647;
			files = (
			);
			inputPaths = (
				"${SRCROOT}/Pods/Target Support Files/Pods-Catch/Pods-Catch-frameworks.sh",
				"${BUILT_PRODUCTS_DIR}/Alamofire/Alamofire.framework",
			);
			name = "[CP] Embed Pods Frameworks";
			outputPaths = (
				"${TARGET_BUILD_DIR}/${FRAMEWORKS_FOLDER_PATH}/Alamofire.framework",
			);
			runOnlyForDeploymentPostprocessing = 0;
			shellPath = /bin/sh;
			shellScript = "\"${SRCROOT}/Pods/Target Support Files/Pods-Catch/Pods-Catch-frameworks.sh\"\n";
			showEnvVarsInLog = 0;
		};
		A15D983AB5D6F7E8632976B2 /* [CP] Copy Pods Resources */ = {
			isa = PBXShellScriptBuildPhase;
			buildActionMask = 2147483647;
			files = (
			);
			inputPaths = (
			);
			name = "[CP] Copy Pods Resources";
			outputPaths = (
			);
			runOnlyForDeploymentPostprocessing = 0;
			shellPath = /bin/sh;
			shellScript = "\"${SRCROOT}/Pods/Target Support Files/Pods-CatchTests/Pods-CatchTests-resources.sh\"\n";
			showEnvVarsInLog = 0;
		};
		E88B8191CF1446EA7EF370B9 /* [CP] Copy Pods Resources */ = {
			isa = PBXShellScriptBuildPhase;
			buildActionMask = 2147483647;
			files = (
			);
			inputPaths = (
			);
			name = "[CP] Copy Pods Resources";
			outputPaths = (
			);
			runOnlyForDeploymentPostprocessing = 0;
			shellPath = /bin/sh;
			shellScript = "\"${SRCROOT}/Pods/Target Support Files/Pods-Catch/Pods-Catch-resources.sh\"\n";
			showEnvVarsInLog = 0;
		};
/* End PBXShellScriptBuildPhase section */

/* Begin PBXSourcesBuildPhase section */
		2CA3662E20DF48490053D42A /* Sources */ = {
			isa = PBXSourcesBuildPhase;
			buildActionMask = 2147483647;
			files = (
				2CA3663820DF48490053D42A /* ListViewController.swift in Sources */,
				2CA3666720DF4CC20053D42A /* AlertController.swift in Sources */,
				2CA3666320DF4C8C0053D42A /* ListItem.swift in Sources */,
				2CA3666520DF4CA50053D42A /* JSONParser.swift in Sources */,
				2CA3665F20DF4C370053D42A /* ListDataCell.swift in Sources */,
				2CA3663620DF48490053D42A /* AppDelegate.swift in Sources */,
				2CA3666920DF4CD10053D42A /* Result.swift in Sources */,
				2CA3666120DF4C6C0053D42A /* DetailViewController.swift in Sources */,
				2CA3665D20DF4C1D0053D42A /* EndPoints.swift in Sources */,
				2CA3665B20DF4BF70053D42A /* ApiService.swift in Sources */,
			);
			runOnlyForDeploymentPostprocessing = 0;
		};
		2CA3664220DF484A0053D42A /* Sources */ = {
			isa = PBXSourcesBuildPhase;
			buildActionMask = 2147483647;
			files = (
				2CA3664B20DF484A0053D42A /* CatchTests.swift in Sources */,
			);
			runOnlyForDeploymentPostprocessing = 0;
		};
/* End PBXSourcesBuildPhase section */

/* Begin PBXTargetDependency section */
		2CA3664820DF484A0053D42A /* PBXTargetDependency */ = {
			isa = PBXTargetDependency;
			target = 2CA3663120DF48490053D42A /* Catch */;
			targetProxy = 2CA3664720DF484A0053D42A /* PBXContainerItemProxy */;
		};
/* End PBXTargetDependency section */

/* Begin PBXVariantGroup section */
		2CA3663920DF48490053D42A /* Main.storyboard */ = {
			isa = PBXVariantGroup;
			children = (
				2CA3663A20DF48490053D42A /* Base */,
			);
			name = Main.storyboard;
			sourceTree = "<group>";
		};
		2CA3663E20DF484A0053D42A /* LaunchScreen.storyboard */ = {
			isa = PBXVariantGroup;
			children = (
				2CA3663F20DF484A0053D42A /* Base */,
			);
			name = LaunchScreen.storyboard;
			sourceTree = "<group>";
		};
/* End PBXVariantGroup section */

/* Begin XCBuildConfiguration section */
		2CA3664D20DF484A0053D42A /* Debug */ = {
			isa = XCBuildConfiguration;
			buildSettings = {
				ALWAYS_SEARCH_USER_PATHS = NO;
				CLANG_ANALYZER_NONNULL = YES;
				CLANG_ANALYZER_NUMBER_OBJECT_CONVERSION = YES_AGGRESSIVE;
				CLANG_CXX_LANGUAGE_STANDARD = "gnu++14";
				CLANG_CXX_LIBRARY = "libc++";
				CLANG_ENABLE_MODULES = YES;
				CLANG_ENABLE_OBJC_ARC = YES;
				CLANG_ENABLE_OBJC_WEAK = YES;
				CLANG_WARN_BLOCK_CAPTURE_AUTORELEASING = YES;
				CLANG_WARN_BOOL_CONVERSION = YES;
				CLANG_WARN_COMMA = YES;
				CLANG_WARN_CONSTANT_CONVERSION = YES;
				CLANG_WARN_DEPRECATED_OBJC_IMPLEMENTATIONS = YES;
				CLANG_WARN_DIRECT_OBJC_ISA_USAGE = YES_ERROR;
				CLANG_WARN_DOCUMENTATION_COMMENTS = YES;
				CLANG_WARN_EMPTY_BODY = YES;
				CLANG_WARN_ENUM_CONVERSION = YES;
				CLANG_WARN_INFINITE_RECURSION = YES;
				CLANG_WARN_INT_CONVERSION = YES;
				CLANG_WARN_NON_LITERAL_NULL_CONVERSION = YES;
				CLANG_WARN_OBJC_IMPLICIT_RETAIN_SELF = YES;
				CLANG_WARN_OBJC_LITERAL_CONVERSION = YES;
				CLANG_WARN_OBJC_ROOT_CLASS = YES_ERROR;
				CLANG_WARN_RANGE_LOOP_ANALYSIS = YES;
				CLANG_WARN_STRICT_PROTOTYPES = YES;
				CLANG_WARN_SUSPICIOUS_MOVE = YES;
				CLANG_WARN_UNGUARDED_AVAILABILITY = YES_AGGRESSIVE;
				CLANG_WARN_UNREACHABLE_CODE = YES;
				CLANG_WARN__DUPLICATE_METHOD_MATCH = YES;
				CODE_SIGN_IDENTITY = "iPhone Developer";
				COPY_PHASE_STRIP = NO;
				DEBUG_INFORMATION_FORMAT = dwarf;
				ENABLE_STRICT_OBJC_MSGSEND = YES;
				ENABLE_TESTABILITY = YES;
				GCC_C_LANGUAGE_STANDARD = gnu11;
				GCC_DYNAMIC_NO_PIC = NO;
				GCC_NO_COMMON_BLOCKS = YES;
				GCC_OPTIMIZATION_LEVEL = 0;
				GCC_PREPROCESSOR_DEFINITIONS = (
					"DEBUG=1",
					"$(inherited)",
				);
				GCC_WARN_64_TO_32_BIT_CONVERSION = YES;
				GCC_WARN_ABOUT_RETURN_TYPE = YES_ERROR;
				GCC_WARN_UNDECLARED_SELECTOR = YES;
				GCC_WARN_UNINITIALIZED_AUTOS = YES_AGGRESSIVE;
				GCC_WARN_UNUSED_FUNCTION = YES;
				GCC_WARN_UNUSED_VARIABLE = YES;
				IPHONEOS_DEPLOYMENT_TARGET = 11.3;
				MTL_ENABLE_DEBUG_INFO = YES;
				ONLY_ACTIVE_ARCH = YES;
				SDKROOT = iphoneos;
				SWIFT_ACTIVE_COMPILATION_CONDITIONS = DEBUG;
				SWIFT_OPTIMIZATION_LEVEL = "-Onone";
			};
			name = Debug;
		};
		2CA3664E20DF484A0053D42A /* Release */ = {
			isa = XCBuildConfiguration;
			buildSettings = {
				ALWAYS_SEARCH_USER_PATHS = NO;
				CLANG_ANALYZER_NONNULL = YES;
				CLANG_ANALYZER_NUMBER_OBJECT_CONVERSION = YES_AGGRESSIVE;
				CLANG_CXX_LANGUAGE_STANDARD = "gnu++14";
				CLANG_CXX_LIBRARY = "libc++";
				CLANG_ENABLE_MODULES = YES;
				CLANG_ENABLE_OBJC_ARC = YES;
				CLANG_ENABLE_OBJC_WEAK = YES;
				CLANG_WARN_BLOCK_CAPTURE_AUTORELEASING = YES;
				CLANG_WARN_BOOL_CONVERSION = YES;
				CLANG_WARN_COMMA = YES;
				CLANG_WARN_CONSTANT_CONVERSION = YES;
				CLANG_WARN_DEPRECATED_OBJC_IMPLEMENTATIONS = YES;
				CLANG_WARN_DIRECT_OBJC_ISA_USAGE = YES_ERROR;
				CLANG_WARN_DOCUMENTATION_COMMENTS = YES;
				CLANG_WARN_EMPTY_BODY = YES;
				CLANG_WARN_ENUM_CONVERSION = YES;
				CLANG_WARN_INFINITE_RECURSION = YES;
				CLANG_WARN_INT_CONVERSION = YES;
				CLANG_WARN_NON_LITERAL_NULL_CONVERSION = YES;
				CLANG_WARN_OBJC_IMPLICIT_RETAIN_SELF = YES;
				CLANG_WARN_OBJC_LITERAL_CONVERSION = YES;
				CLANG_WARN_OBJC_ROOT_CLASS = YES_ERROR;
				CLANG_WARN_RANGE_LOOP_ANALYSIS = YES;
				CLANG_WARN_STRICT_PROTOTYPES = YES;
				CLANG_WARN_SUSPICIOUS_MOVE = YES;
				CLANG_WARN_UNGUARDED_AVAILABILITY = YES_AGGRESSIVE;
				CLANG_WARN_UNREACHABLE_CODE = YES;
				CLANG_WARN__DUPLICATE_METHOD_MATCH = YES;
				CODE_SIGN_IDENTITY = "iPhone Developer";
				COPY_PHASE_STRIP = NO;
				DEBUG_INFORMATION_FORMAT = "dwarf-with-dsym";
				ENABLE_NS_ASSERTIONS = NO;
				ENABLE_STRICT_OBJC_MSGSEND = YES;
				GCC_C_LANGUAGE_STANDARD = gnu11;
				GCC_NO_COMMON_BLOCKS = YES;
				GCC_WARN_64_TO_32_BIT_CONVERSION = YES;
				GCC_WARN_ABOUT_RETURN_TYPE = YES_ERROR;
				GCC_WARN_UNDECLARED_SELECTOR = YES;
				GCC_WARN_UNINITIALIZED_AUTOS = YES_AGGRESSIVE;
				GCC_WARN_UNUSED_FUNCTION = YES;
				GCC_WARN_UNUSED_VARIABLE = YES;
				IPHONEOS_DEPLOYMENT_TARGET = 11.3;
				MTL_ENABLE_DEBUG_INFO = NO;
				SDKROOT = iphoneos;
				SWIFT_COMPILATION_MODE = wholemodule;
				SWIFT_OPTIMIZATION_LEVEL = "-O";
				VALIDATE_PRODUCT = YES;
			};
			name = Release;
		};
		2CA3665020DF484A0053D42A /* Debug */ = {
			isa = XCBuildConfiguration;
			baseConfigurationReference = DD5192CF6D1A9D27D9222C76 /* Pods-Catch.debug.xcconfig */;
			buildSettings = {
				ASSETCATALOG_COMPILER_APPICON_NAME = AppIcon;
				CODE_SIGN_STYLE = Automatic;
				INFOPLIST_FILE = Catch/Info.plist;
				LD_RUNPATH_SEARCH_PATHS = (
					"$(inherited)",
					"@executable_path/Frameworks",
				);
				PRODUCT_BUNDLE_IDENTIFIER = com.nanweera.Catch;
				PRODUCT_NAME = "$(TARGET_NAME)";
				SWIFT_VERSION = 4.0;
				TARGETED_DEVICE_FAMILY = "1,2";
			};
			name = Debug;
		};
		2CA3665120DF484A0053D42A /* Release */ = {
			isa = XCBuildConfiguration;
			baseConfigurationReference = 7AD325C4FDDF7ABF32BCACFF /* Pods-Catch.release.xcconfig */;
			buildSettings = {
				ASSETCATALOG_COMPILER_APPICON_NAME = AppIcon;
				CODE_SIGN_STYLE = Automatic;
				INFOPLIST_FILE = Catch/Info.plist;
				LD_RUNPATH_SEARCH_PATHS = (
					"$(inherited)",
					"@executable_path/Frameworks",
				);
				PRODUCT_BUNDLE_IDENTIFIER = com.nanweera.Catch;
				PRODUCT_NAME = "$(TARGET_NAME)";
				SWIFT_VERSION = 4.0;
				TARGETED_DEVICE_FAMILY = "1,2";
			};
			name = Release;
		};
		2CA3665320DF484A0053D42A /* Debug */ = {
			isa = XCBuildConfiguration;
			baseConfigurationReference = C9C6F6B0E4FFFC9356D137A1 /* Pods-CatchTests.debug.xcconfig */;
			buildSettings = {
				ALWAYS_EMBED_SWIFT_STANDARD_LIBRARIES = YES;
				BUNDLE_LOADER = "$(TEST_HOST)";
				CODE_SIGN_STYLE = Automatic;
				INFOPLIST_FILE = CatchTests/Info.plist;
				LD_RUNPATH_SEARCH_PATHS = (
					"$(inherited)",
					"@executable_path/Frameworks",
					"@loader_path/Frameworks",
				);
				PRODUCT_BUNDLE_IDENTIFIER = com.nanweera.CatchTests;
				PRODUCT_NAME = "$(TARGET_NAME)";
				SWIFT_VERSION = 4.0;
				TARGETED_DEVICE_FAMILY = "1,2";
				TEST_HOST = "$(BUILT_PRODUCTS_DIR)/Catch.app/Catch";
			};
			name = Debug;
		};
		2CA3665420DF484A0053D42A /* Release */ = {
			isa = XCBuildConfiguration;
			baseConfigurationReference = 1F4B42D45560E716890BF8FD /* Pods-CatchTests.release.xcconfig */;
			buildSettings = {
				ALWAYS_EMBED_SWIFT_STANDARD_LIBRARIES = YES;
				BUNDLE_LOADER = "$(TEST_HOST)";
				CODE_SIGN_STYLE = Automatic;
				INFOPLIST_FILE = CatchTests/Info.plist;
				LD_RUNPATH_SEARCH_PATHS = (
					"$(inherited)",
					"@executable_path/Frameworks",
					"@loader_path/Frameworks",
				);
				PRODUCT_BUNDLE_IDENTIFIER = com.nanweera.CatchTests;
				PRODUCT_NAME = "$(TARGET_NAME)";
				SWIFT_VERSION = 4.0;
				TARGETED_DEVICE_FAMILY = "1,2";
				TEST_HOST = "$(BUILT_PRODUCTS_DIR)/Catch.app/Catch";
			};
			name = Release;
		};
/* End XCBuildConfiguration section */

/* Begin XCConfigurationList section */
		2CA3662D20DF48490053D42A /* Build configuration list for PBXProject "Catch" */ = {
			isa = XCConfigurationList;
			buildConfigurations = (
				2CA3664D20DF484A0053D42A /* Debug */,
				2CA3664E20DF484A0053D42A /* Release */,
			);
			defaultConfigurationIsVisible = 0;
			defaultConfigurationName = Release;
		};
		2CA3664F20DF484A0053D42A /* Build configuration list for PBXNativeTarget "Catch" */ = {
			isa = XCConfigurationList;
			buildConfigurations = (
				2CA3665020DF484A0053D42A /* Debug */,
				2CA3665120DF484A0053D42A /* Release */,
			);
			defaultConfigurationIsVisible = 0;
			defaultConfigurationName = Release;
		};
		2CA3665220DF484A0053D42A /* Build configuration list for PBXNativeTarget "CatchTests" */ = {
			isa = XCConfigurationList;
			buildConfigurations = (
				2CA3665320DF484A0053D42A /* Debug */,
				2CA3665420DF484A0053D42A /* Release */,
			);
			defaultConfigurationIsVisible = 0;
			defaultConfigurationName = Release;
		};
/* End XCConfigurationList section */
	};
	rootObject = 2CA3662A20DF48490053D42A /* Project object */;
}
